// !$*UTF8*$!
{
	archiveVersion = 1;
	classes = {
	};
	objectVersion = 77;
	objects = {

/* Begin PBXBuildFile section */
		132D2F6E2CE8986300E1458B /* Alamofire in Frameworks */ = {isa = PBXBuildFile; productRef = 132D2F6D2CE8986300E1458B /* Alamofire */; };
		132D2F712CE8AEAF00E1458B /* KakaoSDK in Frameworks */ = {isa = PBXBuildFile; productRef = 132D2F702CE8AEAF00E1458B /* KakaoSDK */; };
		132D2F732CE8AEAF00E1458B /* KakaoSDKAuth in Frameworks */ = {isa = PBXBuildFile; productRef = 132D2F722CE8AEAF00E1458B /* KakaoSDKAuth */; };
		132D2F752CE8AEAF00E1458B /* KakaoSDKCommon in Frameworks */ = {isa = PBXBuildFile; productRef = 132D2F742CE8AEAF00E1458B /* KakaoSDKCommon */; };
		132D2F772CE8AEAF00E1458B /* KakaoSDKUser in Frameworks */ = {isa = PBXBuildFile; productRef = 132D2F762CE8AEAF00E1458B /* KakaoSDKUser */; };
		132D31B82CF45DAB00E1458B /* CombineMoya in Frameworks */ = {isa = PBXBuildFile; productRef = 132D31B72CF45DAB00E1458B /* CombineMoya */; };
		132D31BA2CF45DAB00E1458B /* Moya in Frameworks */ = {isa = PBXBuildFile; productRef = 132D31B92CF45DAB00E1458B /* Moya */; };
		132D31BC2CF45DAB00E1458B /* ReactiveMoya in Frameworks */ = {isa = PBXBuildFile; productRef = 132D31BB2CF45DAB00E1458B /* ReactiveMoya */; };
		132D31BE2CF45DAB00E1458B /* RxMoya in Frameworks */ = {isa = PBXBuildFile; productRef = 132D31BD2CF45DAB00E1458B /* RxMoya */; };
		1356CCC72CB441B1008FFA4D /* SnapKit in Frameworks */ = {isa = PBXBuildFile; productRef = 1356CCC62CB441B1008FFA4D /* SnapKit */; };
		1356CCCA2CB441C1008FFA4D /* Then in Frameworks */ = {isa = PBXBuildFile; productRef = 1356CCC92CB441C1008FFA4D /* Then */; };
/* End PBXBuildFile section */

/* Begin PBXContainerItemProxy section */
		130D4BCC2CADC29D0023271E /* PBXContainerItemProxy */ = {
			isa = PBXContainerItemProxy;
			containerPortal = 130D4BAD2CADC29C0023271E /* Project object */;
			proxyType = 1;
			remoteGlobalIDString = 130D4BB42CADC29C0023271E;
			remoteInfo = KREAM;
		};
		130D4BD62CADC29D0023271E /* PBXContainerItemProxy */ = {
			isa = PBXContainerItemProxy;
			containerPortal = 130D4BAD2CADC29C0023271E /* Project object */;
			proxyType = 1;
			remoteGlobalIDString = 130D4BB42CADC29C0023271E;
			remoteInfo = KREAM;
		};
/* End PBXContainerItemProxy section */

/* Begin PBXFileReference section */
		130D4BB52CADC29C0023271E /* KREAM.app */ = {isa = PBXFileReference; explicitFileType = wrapper.application; includeInIndex = 0; path = KREAM.app; sourceTree = BUILT_PRODUCTS_DIR; };
		130D4BCB2CADC29D0023271E /* KREAMTests.xctest */ = {isa = PBXFileReference; explicitFileType = wrapper.cfbundle; includeInIndex = 0; path = KREAMTests.xctest; sourceTree = BUILT_PRODUCTS_DIR; };
		130D4BD52CADC29D0023271E /* KREAMUITests.xctest */ = {isa = PBXFileReference; explicitFileType = wrapper.cfbundle; includeInIndex = 0; path = KREAMUITests.xctest; sourceTree = BUILT_PRODUCTS_DIR; };
/* End PBXFileReference section */

/* Begin PBXFileSystemSynchronizedBuildFileExceptionSet section */
		130D4BDD2CADC29D0023271E /* Exceptions for "KREAM" folder in "KREAM" target */ = {
			isa = PBXFileSystemSynchronizedBuildFileExceptionSet;
			membershipExceptions = (
				Info.plist,
			);
			target = 130D4BB42CADC29C0023271E /* KREAM */;
		};
/* End PBXFileSystemSynchronizedBuildFileExceptionSet section */

/* Begin PBXFileSystemSynchronizedRootGroup section */
		130D4BB72CADC29C0023271E /* KREAM */ = {
			isa = PBXFileSystemSynchronizedRootGroup;
			exceptions = (
				130D4BDD2CADC29D0023271E /* Exceptions for "KREAM" folder in "KREAM" target */,
			);
			path = KREAM;
			sourceTree = "<group>";
		};
/* End PBXFileSystemSynchronizedRootGroup section */

/* Begin PBXFrameworksBuildPhase section */
		130D4BB22CADC29C0023271E /* Frameworks */ = {
			isa = PBXFrameworksBuildPhase;
			buildActionMask = 2147483647;
			files = (
				132D2F6E2CE8986300E1458B /* Alamofire in Frameworks */,
				132D2F712CE8AEAF00E1458B /* KakaoSDK in Frameworks */,
				132D31BA2CF45DAB00E1458B /* Moya in Frameworks */,
				132D31BE2CF45DAB00E1458B /* RxMoya in Frameworks */,
				132D31BC2CF45DAB00E1458B /* ReactiveMoya in Frameworks */,
				1356CCC72CB441B1008FFA4D /* SnapKit in Frameworks */,
				132D2F772CE8AEAF00E1458B /* KakaoSDKUser in Frameworks */,
				1356CCCA2CB441C1008FFA4D /* Then in Frameworks */,
				132D2F752CE8AEAF00E1458B /* KakaoSDKCommon in Frameworks */,
				132D31B82CF45DAB00E1458B /* CombineMoya in Frameworks */,
				132D2F732CE8AEAF00E1458B /* KakaoSDKAuth in Frameworks */,
			);
			runOnlyForDeploymentPostprocessing = 0;
		};
		130D4BC82CADC29D0023271E /* Frameworks */ = {
			isa = PBXFrameworksBuildPhase;
			buildActionMask = 2147483647;
			files = (
			);
			runOnlyForDeploymentPostprocessing = 0;
		};
		130D4BD22CADC29D0023271E /* Frameworks */ = {
			isa = PBXFrameworksBuildPhase;
			buildActionMask = 2147483647;
			files = (
			);
			runOnlyForDeploymentPostprocessing = 0;
		};
/* End PBXFrameworksBuildPhase section */

/* Begin PBXGroup section */
		130D4BAC2CADC29C0023271E = {
			isa = PBXGroup;
			children = (
				130D4BB72CADC29C0023271E /* KREAM */,
				130D4BB62CADC29C0023271E /* Products */,
			);
			sourceTree = "<group>";
		};
		130D4BB62CADC29C0023271E /* Products */ = {
			isa = PBXGroup;
			children = (
				130D4BB52CADC29C0023271E /* KREAM.app */,
				130D4BCB2CADC29D0023271E /* KREAMTests.xctest */,
				130D4BD52CADC29D0023271E /* KREAMUITests.xctest */,
			);
			name = Products;
			sourceTree = "<group>";
		};
/* End PBXGroup section */

/* Begin PBXNativeTarget section */
		130D4BB42CADC29C0023271E /* KREAM */ = {
			isa = PBXNativeTarget;
			buildConfigurationList = 130D4BDE2CADC29D0023271E /* Build configuration list for PBXNativeTarget "KREAM" */;
			buildPhases = (
				130D4BB12CADC29C0023271E /* Sources */,
				130D4BB22CADC29C0023271E /* Frameworks */,
				130D4BB32CADC29C0023271E /* Resources */,
			);
			buildRules = (
			);
			dependencies = (
			);
			fileSystemSynchronizedGroups = (
				130D4BB72CADC29C0023271E /* KREAM */,
			);
			name = KREAM;
			packageProductDependencies = (
				1356CCC62CB441B1008FFA4D /* SnapKit */,
				1356CCC92CB441C1008FFA4D /* Then */,
				132D2F6D2CE8986300E1458B /* Alamofire */,
				132D2F702CE8AEAF00E1458B /* KakaoSDK */,
				132D2F722CE8AEAF00E1458B /* KakaoSDKAuth */,
				132D2F742CE8AEAF00E1458B /* KakaoSDKCommon */,
				132D2F762CE8AEAF00E1458B /* KakaoSDKUser */,
				132D31B72CF45DAB00E1458B /* CombineMoya */,
				132D31B92CF45DAB00E1458B /* Moya */,
				132D31BB2CF45DAB00E1458B /* ReactiveMoya */,
				132D31BD2CF45DAB00E1458B /* RxMoya */,
			);
			productName = KREAM;
			productReference = 130D4BB52CADC29C0023271E /* KREAM.app */;
			productType = "com.apple.product-type.application";
		};
		130D4BCA2CADC29D0023271E /* KREAMTests */ = {
			isa = PBXNativeTarget;
			buildConfigurationList = 130D4BE32CADC29D0023271E /* Build configuration list for PBXNativeTarget "KREAMTests" */;
			buildPhases = (
				130D4BC72CADC29D0023271E /* Sources */,
				130D4BC82CADC29D0023271E /* Frameworks */,
				130D4BC92CADC29D0023271E /* Resources */,
			);
			buildRules = (
			);
			dependencies = (
				130D4BCD2CADC29D0023271E /* PBXTargetDependency */,
			);
			name = KREAMTests;
			packageProductDependencies = (
			);
			productName = KREAMTests;
			productReference = 130D4BCB2CADC29D0023271E /* KREAMTests.xctest */;
			productType = "com.apple.product-type.bundle.unit-test";
		};
		130D4BD42CADC29D0023271E /* KREAMUITests */ = {
			isa = PBXNativeTarget;
			buildConfigurationList = 130D4BE62CADC29D0023271E /* Build configuration list for PBXNativeTarget "KREAMUITests" */;
			buildPhases = (
				130D4BD12CADC29D0023271E /* Sources */,
				130D4BD22CADC29D0023271E /* Frameworks */,
				130D4BD32CADC29D0023271E /* Resources */,
			);
			buildRules = (
			);
			dependencies = (
				130D4BD72CADC29D0023271E /* PBXTargetDependency */,
			);
			name = KREAMUITests;
			packageProductDependencies = (
			);
			productName = KREAMUITests;
			productReference = 130D4BD52CADC29D0023271E /* KREAMUITests.xctest */;
			productType = "com.apple.product-type.bundle.ui-testing";
		};
/* End PBXNativeTarget section */

/* Begin PBXProject section */
		130D4BAD2CADC29C0023271E /* Project object */ = {
			isa = PBXProject;
			attributes = {
				BuildIndependentTargetsInParallel = 1;
				LastSwiftUpdateCheck = 1600;
				LastUpgradeCheck = 1600;
				TargetAttributes = {
					130D4BB42CADC29C0023271E = {
						CreatedOnToolsVersion = 16.0;
					};
					130D4BCA2CADC29D0023271E = {
						CreatedOnToolsVersion = 16.0;
						TestTargetID = 130D4BB42CADC29C0023271E;
					};
					130D4BD42CADC29D0023271E = {
						CreatedOnToolsVersion = 16.0;
						TestTargetID = 130D4BB42CADC29C0023271E;
					};
				};
			};
			buildConfigurationList = 130D4BB02CADC29C0023271E /* Build configuration list for PBXProject "KREAM" */;
			developmentRegion = en;
			hasScannedForEncodings = 0;
			knownRegions = (
				en,
				Base,
			);
			mainGroup = 130D4BAC2CADC29C0023271E;
			minimizedProjectReferenceProxies = 1;
			packageReferences = (
				1356CCC52CB441B1008FFA4D /* XCRemoteSwiftPackageReference "SnapKit" */,
				1356CCC82CB441C1008FFA4D /* XCRemoteSwiftPackageReference "Then" */,
				132D2F6C2CE8986300E1458B /* XCRemoteSwiftPackageReference "Alamofire" */,
				132D2F6F2CE8AEAF00E1458B /* XCRemoteSwiftPackageReference "kakao-ios-sdk" */,
				132D31B62CF45DAB00E1458B /* XCRemoteSwiftPackageReference "Moya" */,
			);
			preferredProjectObjectVersion = 77;
			productRefGroup = 130D4BB62CADC29C0023271E /* Products */;
			projectDirPath = "";
			projectRoot = "";
			targets = (
				130D4BB42CADC29C0023271E /* KREAM */,
				130D4BCA2CADC29D0023271E /* KREAMTests */,
				130D4BD42CADC29D0023271E /* KREAMUITests */,
			);
		};
/* End PBXProject section */

/* Begin PBXResourcesBuildPhase section */
		130D4BB32CADC29C0023271E /* Resources */ = {
			isa = PBXResourcesBuildPhase;
			buildActionMask = 2147483647;
			files = (
			);
			runOnlyForDeploymentPostprocessing = 0;
		};
		130D4BC92CADC29D0023271E /* Resources */ = {
			isa = PBXResourcesBuildPhase;
			buildActionMask = 2147483647;
			files = (
			);
			runOnlyForDeploymentPostprocessing = 0;
		};
		130D4BD32CADC29D0023271E /* Resources */ = {
			isa = PBXResourcesBuildPhase;
			buildActionMask = 2147483647;
			files = (
			);
			runOnlyForDeploymentPostprocessing = 0;
		};
/* End PBXResourcesBuildPhase section */

/* Begin PBXSourcesBuildPhase section */
		130D4BB12CADC29C0023271E /* Sources */ = {
			isa = PBXSourcesBuildPhase;
			buildActionMask = 2147483647;
			files = (
			);
			runOnlyForDeploymentPostprocessing = 0;
		};
		130D4BC72CADC29D0023271E /* Sources */ = {
			isa = PBXSourcesBuildPhase;
			buildActionMask = 2147483647;
			files = (
			);
			runOnlyForDeploymentPostprocessing = 0;
		};
		130D4BD12CADC29D0023271E /* Sources */ = {
			isa = PBXSourcesBuildPhase;
			buildActionMask = 2147483647;
			files = (
			);
			runOnlyForDeploymentPostprocessing = 0;
		};
/* End PBXSourcesBuildPhase section */

/* Begin PBXTargetDependency section */
		130D4BCD2CADC29D0023271E /* PBXTargetDependency */ = {
			isa = PBXTargetDependency;
			target = 130D4BB42CADC29C0023271E /* KREAM */;
			targetProxy = 130D4BCC2CADC29D0023271E /* PBXContainerItemProxy */;
		};
		130D4BD72CADC29D0023271E /* PBXTargetDependency */ = {
			isa = PBXTargetDependency;
			target = 130D4BB42CADC29C0023271E /* KREAM */;
			targetProxy = 130D4BD62CADC29D0023271E /* PBXContainerItemProxy */;
		};
/* End PBXTargetDependency section */

/* Begin XCBuildConfiguration section */
		130D4BDF2CADC29D0023271E /* Debug */ = {
			isa = XCBuildConfiguration;
			buildSettings = {
				ASSETCATALOG_COMPILER_APPICON_NAME = AppIcon;
				ASSETCATALOG_COMPILER_GLOBAL_ACCENT_COLOR_NAME = AccentColor;
				CODE_SIGN_STYLE = Automatic;
				CURRENT_PROJECT_VERSION = 1;
				GENERATE_INFOPLIST_FILE = YES;
				INFOPLIST_FILE = KREAM/Info.plist;
				INFOPLIST_KEY_UIApplicationSupportsIndirectInputEvents = YES;
				INFOPLIST_KEY_UILaunchStoryboardName = LaunchScreen;
				INFOPLIST_KEY_UISupportedInterfaceOrientations_iPad = "UIInterfaceOrientationPortrait UIInterfaceOrientationPortraitUpsideDown UIInterfaceOrientationLandscapeLeft UIInterfaceOrientationLandscapeRight";
				INFOPLIST_KEY_UISupportedInterfaceOrientations_iPhone = "UIInterfaceOrientationPortrait UIInterfaceOrientationLandscapeLeft UIInterfaceOrientationLandscapeRight";
				LD_RUNPATH_SEARCH_PATHS = (
					"$(inherited)",
					"@executable_path/Frameworks",
				);
				MARKETING_VERSION = 1.0;
				PRODUCT_BUNDLE_IDENTIFIER = Solky.KREAM;
				PRODUCT_NAME = "$(TARGET_NAME)";
				SWIFT_EMIT_LOC_STRINGS = YES;
				SWIFT_VERSION = 5.0;
				TARGETED_DEVICE_FAMILY = "1,2";
			};
			name = Debug;
		};
		130D4BE02CADC29D0023271E /* Release */ = {
			isa = XCBuildConfiguration;
			buildSettings = {
				ASSETCATALOG_COMPILER_APPICON_NAME = AppIcon;
				ASSETCATALOG_COMPILER_GLOBAL_ACCENT_COLOR_NAME = AccentColor;
				CODE_SIGN_STYLE = Automatic;
				CURRENT_PROJECT_VERSION = 1;
				GENERATE_INFOPLIST_FILE = YES;
				INFOPLIST_FILE = KREAM/Info.plist;
				INFOPLIST_KEY_UIApplicationSupportsIndirectInputEvents = YES;
				INFOPLIST_KEY_UILaunchStoryboardName = LaunchScreen;
				INFOPLIST_KEY_UISupportedInterfaceOrientations_iPad = "UIInterfaceOrientationPortrait UIInterfaceOrientationPortraitUpsideDown UIInterfaceOrientationLandscapeLeft UIInterfaceOrientationLandscapeRight";
				INFOPLIST_KEY_UISupportedInterfaceOrientations_iPhone = "UIInterfaceOrientationPortrait UIInterfaceOrientationLandscapeLeft UIInterfaceOrientationLandscapeRight";
				LD_RUNPATH_SEARCH_PATHS = (
					"$(inherited)",
					"@executable_path/Frameworks",
				);
				MARKETING_VERSION = 1.0;
				PRODUCT_BUNDLE_IDENTIFIER = Solky.KREAM;
				PRODUCT_NAME = "$(TARGET_NAME)";
				SWIFT_EMIT_LOC_STRINGS = YES;
				SWIFT_VERSION = 5.0;
				TARGETED_DEVICE_FAMILY = "1,2";
			};
			name = Release;
		};
		130D4BE12CADC29D0023271E /* Debug */ = {
			isa = XCBuildConfiguration;
			buildSettings = {
				ALWAYS_SEARCH_USER_PATHS = NO;
				ASSETCATALOG_COMPILER_GENERATE_SWIFT_ASSET_SYMBOL_EXTENSIONS = YES;
				CLANG_ANALYZER_NONNULL = YES;
				CLANG_ANALYZER_NUMBER_OBJECT_CONVERSION = YES_AGGRESSIVE;
				CLANG_CXX_LANGUAGE_STANDARD = "gnu++20";
				CLANG_ENABLE_MODULES = YES;
				CLANG_ENABLE_OBJC_ARC = YES;
				CLANG_ENABLE_OBJC_WEAK = YES;
				CLANG_WARN_BLOCK_CAPTURE_AUTORELEASING = YES;
				CLANG_WARN_BOOL_CONVERSION = YES;
				CLANG_WARN_COMMA = YES;
				CLANG_WARN_CONSTANT_CONVERSION = YES;
				CLANG_WARN_DEPRECATED_OBJC_IMPLEMENTATIONS = YES;
				CLANG_WARN_DIRECT_OBJC_ISA_USAGE = YES_ERROR;
				CLANG_WARN_DOCUMENTATION_COMMENTS = YES;
				CLANG_WARN_EMPTY_BODY = YES;
				CLANG_WARN_ENUM_CONVERSION = YES;
				CLANG_WARN_INFINITE_RECURSION = YES;
				CLANG_WARN_INT_CONVERSION = YES;
				CLANG_WARN_NON_LITERAL_NULL_CONVERSION = YES;
				CLANG_WARN_OBJC_IMPLICIT_RETAIN_SELF = YES;
				CLANG_WARN_OBJC_LITERAL_CONVERSION = YES;
				CLANG_WARN_OBJC_ROOT_CLASS = YES_ERROR;
				CLANG_WARN_QUOTED_INCLUDE_IN_FRAMEWORK_HEADER = YES;
				CLANG_WARN_RANGE_LOOP_ANALYSIS = YES;
				CLANG_WARN_STRICT_PROTOTYPES = YES;
				CLANG_WARN_SUSPICIOUS_MOVE = YES;
				CLANG_WARN_UNGUARDED_AVAILABILITY = YES_AGGRESSIVE;
				CLANG_WARN_UNREACHABLE_CODE = YES;
				CLANG_WARN__DUPLICATE_METHOD_MATCH = YES;
				COPY_PHASE_STRIP = NO;
				DEBUG_INFORMATION_FORMAT = dwarf;
				ENABLE_STRICT_OBJC_MSGSEND = YES;
				ENABLE_TESTABILITY = YES;
				ENABLE_USER_SCRIPT_SANDBOXING = YES;
				GCC_C_LANGUAGE_STANDARD = gnu17;
				GCC_DYNAMIC_NO_PIC = NO;
				GCC_NO_COMMON_BLOCKS = YES;
				GCC_OPTIMIZATION_LEVEL = 0;
				GCC_PREPROCESSOR_DEFINITIONS = (
					"DEBUG=1",
					"$(inherited)",
				);
				GCC_WARN_64_TO_32_BIT_CONVERSION = YES;
				GCC_WARN_ABOUT_RETURN_TYPE = YES_ERROR;
				GCC_WARN_UNDECLARED_SELECTOR = YES;
				GCC_WARN_UNINITIALIZED_AUTOS = YES_AGGRESSIVE;
				GCC_WARN_UNUSED_FUNCTION = YES;
				GCC_WARN_UNUSED_VARIABLE = YES;
				IPHONEOS_DEPLOYMENT_TARGET = 18.0;
				LOCALIZATION_PREFERS_STRING_CATALOGS = YES;
				MTL_ENABLE_DEBUG_INFO = INCLUDE_SOURCE;
				MTL_FAST_MATH = YES;
				ONLY_ACTIVE_ARCH = YES;
				SDKROOT = iphoneos;
				SWIFT_ACTIVE_COMPILATION_CONDITIONS = "DEBUG $(inherited)";
				SWIFT_OPTIMIZATION_LEVEL = "-Onone";
			};
			name = Debug;
		};
		130D4BE22CADC29D0023271E /* Release */ = {
			isa = XCBuildConfiguration;
			buildSettings = {
				ALWAYS_SEARCH_USER_PATHS = NO;
				ASSETCATALOG_COMPILER_GENERATE_SWIFT_ASSET_SYMBOL_EXTENSIONS = YES;
				CLANG_ANALYZER_NONNULL = YES;
				CLANG_ANALYZER_NUMBER_OBJECT_CONVERSION = YES_AGGRESSIVE;
				CLANG_CXX_LANGUAGE_STANDARD = "gnu++20";
				CLANG_ENABLE_MODULES = YES;
				CLANG_ENABLE_OBJC_ARC = YES;
				CLANG_ENABLE_OBJC_WEAK = YES;
				CLANG_WARN_BLOCK_CAPTURE_AUTORELEASING = YES;
				CLANG_WARN_BOOL_CONVERSION = YES;
				CLANG_WARN_COMMA = YES;
				CLANG_WARN_CONSTANT_CONVERSION = YES;
				CLANG_WARN_DEPRECATED_OBJC_IMPLEMENTATIONS = YES;
				CLANG_WARN_DIRECT_OBJC_ISA_USAGE = YES_ERROR;
				CLANG_WARN_DOCUMENTATION_COMMENTS = YES;
				CLANG_WARN_EMPTY_BODY = YES;
				CLANG_WARN_ENUM_CONVERSION = YES;
				CLANG_WARN_INFINITE_RECURSION = YES;
				CLANG_WARN_INT_CONVERSION = YES;
				CLANG_WARN_NON_LITERAL_NULL_CONVERSION = YES;
				CLANG_WARN_OBJC_IMPLICIT_RETAIN_SELF = YES;
				CLANG_WARN_OBJC_LITERAL_CONVERSION = YES;
				CLANG_WARN_OBJC_ROOT_CLASS = YES_ERROR;
				CLANG_WARN_QUOTED_INCLUDE_IN_FRAMEWORK_HEADER = YES;
				CLANG_WARN_RANGE_LOOP_ANALYSIS = YES;
				CLANG_WARN_STRICT_PROTOTYPES = YES;
				CLANG_WARN_SUSPICIOUS_MOVE = YES;
				CLANG_WARN_UNGUARDED_AVAILABILITY = YES_AGGRESSIVE;
				CLANG_WARN_UNREACHABLE_CODE = YES;
				CLANG_WARN__DUPLICATE_METHOD_MATCH = YES;
				COPY_PHASE_STRIP = NO;
				DEBUG_INFORMATION_FORMAT = "dwarf-with-dsym";
				ENABLE_NS_ASSERTIONS = NO;
				ENABLE_STRICT_OBJC_MSGSEND = YES;
				ENABLE_USER_SCRIPT_SANDBOXING = YES;
				GCC_C_LANGUAGE_STANDARD = gnu17;
				GCC_NO_COMMON_BLOCKS = YES;
				GCC_WARN_64_TO_32_BIT_CONVERSION = YES;
				GCC_WARN_ABOUT_RETURN_TYPE = YES_ERROR;
				GCC_WARN_UNDECLARED_SELECTOR = YES;
				GCC_WARN_UNINITIALIZED_AUTOS = YES_AGGRESSIVE;
				GCC_WARN_UNUSED_FUNCTION = YES;
				GCC_WARN_UNUSED_VARIABLE = YES;
				IPHONEOS_DEPLOYMENT_TARGET = 18.0;
				LOCALIZATION_PREFERS_STRING_CATALOGS = YES;
				MTL_ENABLE_DEBUG_INFO = NO;
				MTL_FAST_MATH = YES;
				SDKROOT = iphoneos;
				SWIFT_COMPILATION_MODE = wholemodule;
				VALIDATE_PRODUCT = YES;
			};
			name = Release;
		};
		130D4BE42CADC29D0023271E /* Debug */ = {
			isa = XCBuildConfiguration;
			buildSettings = {
				BUNDLE_LOADER = "$(TEST_HOST)";
				CODE_SIGN_STYLE = Automatic;
				CURRENT_PROJECT_VERSION = 1;
				GENERATE_INFOPLIST_FILE = YES;
				IPHONEOS_DEPLOYMENT_TARGET = 18.0;
				MARKETING_VERSION = 1.0;
				PRODUCT_BUNDLE_IDENTIFIER = Solky.KREAMTests;
				PRODUCT_NAME = "$(TARGET_NAME)";
				SWIFT_EMIT_LOC_STRINGS = NO;
				SWIFT_VERSION = 5.0;
				TARGETED_DEVICE_FAMILY = "1,2";
				TEST_HOST = "$(BUILT_PRODUCTS_DIR)/KREAM.app/$(BUNDLE_EXECUTABLE_FOLDER_PATH)/KREAM";
			};
			name = Debug;
		};
		130D4BE52CADC29D0023271E /* Release */ = {
			isa = XCBuildConfiguration;
			buildSettings = {
				BUNDLE_LOADER = "$(TEST_HOST)";
				CODE_SIGN_STYLE = Automatic;
				CURRENT_PROJECT_VERSION = 1;
				GENERATE_INFOPLIST_FILE = YES;
				IPHONEOS_DEPLOYMENT_TARGET = 18.0;
				MARKETING_VERSION = 1.0;
				PRODUCT_BUNDLE_IDENTIFIER = Solky.KREAMTests;
				PRODUCT_NAME = "$(TARGET_NAME)";
				SWIFT_EMIT_LOC_STRINGS = NO;
				SWIFT_VERSION = 5.0;
				TARGETED_DEVICE_FAMILY = "1,2";
				TEST_HOST = "$(BUILT_PRODUCTS_DIR)/KREAM.app/$(BUNDLE_EXECUTABLE_FOLDER_PATH)/KREAM";
			};
			name = Release;
		};
		130D4BE72CADC29D0023271E /* Debug */ = {
			isa = XCBuildConfiguration;
			buildSettings = {
				CODE_SIGN_STYLE = Automatic;
				CURRENT_PROJECT_VERSION = 1;
				GENERATE_INFOPLIST_FILE = YES;
				MARKETING_VERSION = 1.0;
				PRODUCT_BUNDLE_IDENTIFIER = Solky.KREAMUITests;
				PRODUCT_NAME = "$(TARGET_NAME)";
				SWIFT_EMIT_LOC_STRINGS = NO;
				SWIFT_VERSION = 5.0;
				TARGETED_DEVICE_FAMILY = "1,2";
				TEST_TARGET_NAME = KREAM;
			};
			name = Debug;
		};
		130D4BE82CADC29D0023271E /* Release */ = {
			isa = XCBuildConfiguration;
			buildSettings = {
				CODE_SIGN_STYLE = Automatic;
				CURRENT_PROJECT_VERSION = 1;
				GENERATE_INFOPLIST_FILE = YES;
				MARKETING_VERSION = 1.0;
				PRODUCT_BUNDLE_IDENTIFIER = Solky.KREAMUITests;
				PRODUCT_NAME = "$(TARGET_NAME)";
				SWIFT_EMIT_LOC_STRINGS = NO;
				SWIFT_VERSION = 5.0;
				TARGETED_DEVICE_FAMILY = "1,2";
				TEST_TARGET_NAME = KREAM;
			};
			name = Release;
		};
/* End XCBuildConfiguration section */

/* Begin XCConfigurationList section */
		130D4BB02CADC29C0023271E /* Build configuration list for PBXProject "KREAM" */ = {
			isa = XCConfigurationList;
			buildConfigurations = (
				130D4BE12CADC29D0023271E /* Debug */,
				130D4BE22CADC29D0023271E /* Release */,
			);
			defaultConfigurationIsVisible = 0;
			defaultConfigurationName = Release;
		};
		130D4BDE2CADC29D0023271E /* Build configuration list for PBXNativeTarget "KREAM" */ = {
			isa = XCConfigurationList;
			buildConfigurations = (
				130D4BDF2CADC29D0023271E /* Debug */,
				130D4BE02CADC29D0023271E /* Release */,
			);
			defaultConfigurationIsVisible = 0;
			defaultConfigurationName = Release;
		};
		130D4BE32CADC29D0023271E /* Build configuration list for PBXNativeTarget "KREAMTests" */ = {
			isa = XCConfigurationList;
			buildConfigurations = (
				130D4BE42CADC29D0023271E /* Debug */,
				130D4BE52CADC29D0023271E /* Release */,
			);
			defaultConfigurationIsVisible = 0;
			defaultConfigurationName = Release;
		};
		130D4BE62CADC29D0023271E /* Build configuration list for PBXNativeTarget "KREAMUITests" */ = {
			isa = XCConfigurationList;
			buildConfigurations = (
				130D4BE72CADC29D0023271E /* Debug */,
				130D4BE82CADC29D0023271E /* Release */,
			);
			defaultConfigurationIsVisible = 0;
			defaultConfigurationName = Release;
		};
/* End XCConfigurationList section */

/* Begin XCRemoteSwiftPackageReference section */
		132D2F6C2CE8986300E1458B /* XCRemoteSwiftPackageReference "Alamofire" */ = {
			isa = XCRemoteSwiftPackageReference;
			repositoryURL = "https://github.com/Alamofire/Alamofire";
			requirement = {
				kind = upToNextMajorVersion;
				minimumVersion = 5.10.1;
			};
		};
		132D2F6F2CE8AEAF00E1458B /* XCRemoteSwiftPackageReference "kakao-ios-sdk" */ = {
			isa = XCRemoteSwiftPackageReference;
			repositoryURL = "https://github.com/kakao/kakao-ios-sdk";
			requirement = {
				kind = upToNextMajorVersion;
				minimumVersion = 2.23.0;
			};
		};
		132D31B62CF45DAB00E1458B /* XCRemoteSwiftPackageReference "Moya" */ = {
			isa = XCRemoteSwiftPackageReference;
			repositoryURL = "https://github.com/Moya/Moya";
			requirement = {
				kind = upToNextMajorVersion;
				minimumVersion = 15.0.3;
			};
		};
		1356CCC52CB441B1008FFA4D /* XCRemoteSwiftPackageReference "SnapKit" */ = {
			isa = XCRemoteSwiftPackageReference;
			repositoryURL = "https://github.com/SnapKit/SnapKit";
			requirement = {
				kind = upToNextMajorVersion;
				minimumVersion = 5.7.1;
			};
		};
		1356CCC82CB441C1008FFA4D /* XCRemoteSwiftPackageReference "Then" */ = {
			isa = XCRemoteSwiftPackageReference;
			repositoryURL = "https://github.com/devxoul/Then";
			requirement = {
				kind = upToNextMajorVersion;
				minimumVersion = 3.0.0;
			};
		};
/* End XCRemoteSwiftPackageReference section */

/* Begin XCSwiftPackageProductDependency section */
		132D2F6D2CE8986300E1458B /* Alamofire */ = {
			isa = XCSwiftPackageProductDependency;
			package = 132D2F6C2CE8986300E1458B /* XCRemoteSwiftPackageReference "Alamofire" */;
			productName = Alamofire;
		};
		132D2F702CE8AEAF00E1458B /* KakaoSDK */ = {
			isa = XCSwiftPackageProductDependency;
			package = 132D2F6F2CE8AEAF00E1458B /* XCRemoteSwiftPackageReference "kakao-ios-sdk" */;
			productName = KakaoSDK;
		};
		132D2F722CE8AEAF00E1458B /* KakaoSDKAuth */ = {
			isa = XCSwiftPackageProductDependency;
			package = 132D2F6F2CE8AEAF00E1458B /* XCRemoteSwiftPackageReference "kakao-ios-sdk" */;
			productName = KakaoSDKAuth;
		};
		132D2F742CE8AEAF00E1458B /* KakaoSDKCommon */ = {
			isa = XCSwiftPackageProductDependency;
			package = 132D2F6F2CE8AEAF00E1458B /* XCRemoteSwiftPackageReference "kakao-ios-sdk" */;
			productName = KakaoSDKCommon;
		};
		132D2F762CE8AEAF00E1458B /* KakaoSDKUser */ = {
			isa = XCSwiftPackageProductDependency;
			package = 132D2F6F2CE8AEAF00E1458B /* XCRemoteSwiftPackageReference "kakao-ios-sdk" */;
			productName = KakaoSDKUser;
		};
		132D31B72CF45DAB00E1458B /* CombineMoya */ = {
			isa = XCSwiftPackageProductDependency;
			package = 132D31B62CF45DAB00E1458B /* XCRemoteSwiftPackageReference "Moya" */;
			productName = CombineMoya;
		};
		132D31B92CF45DAB00E1458B /* Moya */ = {
			isa = XCSwiftPackageProductDependency;
			package = 132D31B62CF45DAB00E1458B /* XCRemoteSwiftPackageReference "Moya" */;
			productName = Moya;
		};
		132D31BB2CF45DAB00E1458B /* ReactiveMoya */ = {
			isa = XCSwiftPackageProductDependency;
			package = 132D31B62CF45DAB00E1458B /* XCRemoteSwiftPackageReference "Moya" */;
			productName = ReactiveMoya;
		};
		132D31BD2CF45DAB00E1458B /* RxMoya */ = {
			isa = XCSwiftPackageProductDependency;
			package = 132D31B62CF45DAB00E1458B /* XCRemoteSwiftPackageReference "Moya" */;
			productName = RxMoya;
		};
		1356CCC62CB441B1008FFA4D /* SnapKit */ = {
			isa = XCSwiftPackageProductDependency;
			package = 1356CCC52CB441B1008FFA4D /* XCRemoteSwiftPackageReference "SnapKit" */;
			productName = SnapKit;
		};
		1356CCC92CB441C1008FFA4D /* Then */ = {
			isa = XCSwiftPackageProductDependency;
			package = 1356CCC82CB441C1008FFA4D /* XCRemoteSwiftPackageReference "Then" */;
			productName = Then;
		};
/* End XCSwiftPackageProductDependency section */
	};
	rootObject = 130D4BAD2CADC29C0023271E /* Project object */;
}
