// !$*UTF8*$!
{
	archiveVersion = 1;
	classes = {
	};
	objectVersion = 77;
	objects = {

/* Begin PBXBuildFile section */
		1F3117992CD7CD5B009C57D9 /* SnapKit in Frameworks */ = {isa = PBXBuildFile; productRef = 1F3117982CD7CD5B009C57D9 /* SnapKit */; };
		1F31179C2CD7CD62009C57D9 /* Then in Frameworks */ = {isa = PBXBuildFile; productRef = 1F31179B2CD7CD62009C57D9 /* Then */; };
/* End PBXBuildFile section */

/* Begin PBXContainerItemProxy section */
		1F3117552CD7CBF1009C57D9 /* PBXContainerItemProxy */ = {
			isa = PBXContainerItemProxy;
			containerPortal = 1F3117362CD7CBEF009C57D9 /* Project object */;
			proxyType = 1;
			remoteGlobalIDString = 1F31173D2CD7CBEF009C57D9;
			remoteInfo = RainbowScroll;
		};
		1F31175F2CD7CBF1009C57D9 /* PBXContainerItemProxy */ = {
			isa = PBXContainerItemProxy;
			containerPortal = 1F3117362CD7CBEF009C57D9 /* Project object */;
			proxyType = 1;
			remoteGlobalIDString = 1F31173D2CD7CBEF009C57D9;
			remoteInfo = RainbowScroll;
		};
/* End PBXContainerItemProxy section */

/* Begin PBXFileReference section */
		1F31173E2CD7CBEF009C57D9 /* RainbowScroll.app */ = {isa = PBXFileReference; explicitFileType = wrapper.application; includeInIndex = 0; path = RainbowScroll.app; sourceTree = BUILT_PRODUCTS_DIR; };
		1F3117542CD7CBF1009C57D9 /* RainbowScrollTests.xctest */ = {isa = PBXFileReference; explicitFileType = wrapper.cfbundle; includeInIndex = 0; path = RainbowScrollTests.xctest; sourceTree = BUILT_PRODUCTS_DIR; };
		1F31175E2CD7CBF1009C57D9 /* RainbowScrollUITests.xctest */ = {isa = PBXFileReference; explicitFileType = wrapper.cfbundle; includeInIndex = 0; path = RainbowScrollUITests.xctest; sourceTree = BUILT_PRODUCTS_DIR; };
/* End PBXFileReference section */

/* Begin PBXFileSystemSynchronizedBuildFileExceptionSet section */
		1F3117662CD7CBF1009C57D9 /* Exceptions for "RainbowScroll" folder in "RainbowScroll" target */ = {
			isa = PBXFileSystemSynchronizedBuildFileExceptionSet;
			membershipExceptions = (
				Info.plist,
			);
			target = 1F31173D2CD7CBEF009C57D9 /* RainbowScroll */;
		};
/* End PBXFileSystemSynchronizedBuildFileExceptionSet section */

/* Begin PBXFileSystemSynchronizedRootGroup section */
		1F3117402CD7CBEF009C57D9 /* RainbowScroll */ = {
			isa = PBXFileSystemSynchronizedRootGroup;
			exceptions = (
				1F3117662CD7CBF1009C57D9 /* Exceptions for "RainbowScroll" folder in "RainbowScroll" target */,
			);
			path = RainbowScroll;
			sourceTree = "<group>";
		};
		1F3117572CD7CBF1009C57D9 /* RainbowScrollTests */ = {
			isa = PBXFileSystemSynchronizedRootGroup;
			path = RainbowScrollTests;
			sourceTree = "<group>";
		};
		1F3117612CD7CBF1009C57D9 /* RainbowScrollUITests */ = {
			isa = PBXFileSystemSynchronizedRootGroup;
			path = RainbowScrollUITests;
			sourceTree = "<group>";
		};
/* End PBXFileSystemSynchronizedRootGroup section */

/* Begin PBXFrameworksBuildPhase section */
		1F31173B2CD7CBEF009C57D9 /* Frameworks */ = {
			isa = PBXFrameworksBuildPhase;
			buildActionMask = 2147483647;
			files = (
				1F3117992CD7CD5B009C57D9 /* SnapKit in Frameworks */,
				1F31179C2CD7CD62009C57D9 /* Then in Frameworks */,
			);
			runOnlyForDeploymentPostprocessing = 0;
		};
		1F3117512CD7CBF1009C57D9 /* Frameworks */ = {
			isa = PBXFrameworksBuildPhase;
			buildActionMask = 2147483647;
			files = (
			);
			runOnlyForDeploymentPostprocessing = 0;
		};
		1F31175B2CD7CBF1009C57D9 /* Frameworks */ = {
			isa = PBXFrameworksBuildPhase;
			buildActionMask = 2147483647;
			files = (
			);
			runOnlyForDeploymentPostprocessing = 0;
		};
/* End PBXFrameworksBuildPhase section */

/* Begin PBXGroup section */
		1F3117352CD7CBEF009C57D9 = {
			isa = PBXGroup;
			children = (
				1F3117402CD7CBEF009C57D9 /* RainbowScroll */,
				1F3117572CD7CBF1009C57D9 /* RainbowScrollTests */,
				1F3117612CD7CBF1009C57D9 /* RainbowScrollUITests */,
				1F31173F2CD7CBEF009C57D9 /* Products */,
			);
			sourceTree = "<group>";
		};
		1F31173F2CD7CBEF009C57D9 /* Products */ = {
			isa = PBXGroup;
			children = (
				1F31173E2CD7CBEF009C57D9 /* RainbowScroll.app */,
				1F3117542CD7CBF1009C57D9 /* RainbowScrollTests.xctest */,
				1F31175E2CD7CBF1009C57D9 /* RainbowScrollUITests.xctest */,
			);
			name = Products;
			sourceTree = "<group>";
		};
/* End PBXGroup section */

/* Begin PBXNativeTarget section */
		1F31173D2CD7CBEF009C57D9 /* RainbowScroll */ = {
			isa = PBXNativeTarget;
			buildConfigurationList = 1F3117672CD7CBF1009C57D9 /* Build configuration list for PBXNativeTarget "RainbowScroll" */;
			buildPhases = (
				1F31173A2CD7CBEF009C57D9 /* Sources */,
				1F31173B2CD7CBEF009C57D9 /* Frameworks */,
				1F31173C2CD7CBEF009C57D9 /* Resources */,
			);
			buildRules = (
			);
			dependencies = (
			);
			fileSystemSynchronizedGroups = (
				1F3117402CD7CBEF009C57D9 /* RainbowScroll */,
			);
			name = RainbowScroll;
			packageProductDependencies = (
				1F3117982CD7CD5B009C57D9 /* SnapKit */,
				1F31179B2CD7CD62009C57D9 /* Then */,
			);
			productName = RainbowScroll;
			productReference = 1F31173E2CD7CBEF009C57D9 /* RainbowScroll.app */;
			productType = "com.apple.product-type.application";
		};
		1F3117532CD7CBF1009C57D9 /* RainbowScrollTests */ = {
			isa = PBXNativeTarget;
			buildConfigurationList = 1F31176C2CD7CBF1009C57D9 /* Build configuration list for PBXNativeTarget "RainbowScrollTests" */;
			buildPhases = (
				1F3117502CD7CBF1009C57D9 /* Sources */,
				1F3117512CD7CBF1009C57D9 /* Frameworks */,
				1F3117522CD7CBF1009C57D9 /* Resources */,
			);
			buildRules = (
			);
			dependencies = (
				1F3117562CD7CBF1009C57D9 /* PBXTargetDependency */,
			);
			fileSystemSynchronizedGroups = (
				1F3117572CD7CBF1009C57D9 /* RainbowScrollTests */,
			);
			name = RainbowScrollTests;
			packageProductDependencies = (
			);
			productName = RainbowScrollTests;
			productReference = 1F3117542CD7CBF1009C57D9 /* RainbowScrollTests.xctest */;
			productType = "com.apple.product-type.bundle.unit-test";
		};
		1F31175D2CD7CBF1009C57D9 /* RainbowScrollUITests */ = {
			isa = PBXNativeTarget;
			buildConfigurationList = 1F31176F2CD7CBF1009C57D9 /* Build configuration list for PBXNativeTarget "RainbowScrollUITests" */;
			buildPhases = (
				1F31175A2CD7CBF1009C57D9 /* Sources */,
				1F31175B2CD7CBF1009C57D9 /* Frameworks */,
				1F31175C2CD7CBF1009C57D9 /* Resources */,
			);
			buildRules = (
			);
			dependencies = (
				1F3117602CD7CBF1009C57D9 /* PBXTargetDependency */,
			);
			fileSystemSynchronizedGroups = (
				1F3117612CD7CBF1009C57D9 /* RainbowScrollUITests */,
			);
			name = RainbowScrollUITests;
			packageProductDependencies = (
			);
			productName = RainbowScrollUITests;
			productReference = 1F31175E2CD7CBF1009C57D9 /* RainbowScrollUITests.xctest */;
			productType = "com.apple.product-type.bundle.ui-testing";
		};
/* End PBXNativeTarget section */

/* Begin PBXProject section */
		1F3117362CD7CBEF009C57D9 /* Project object */ = {
			isa = PBXProject;
			attributes = {
				BuildIndependentTargetsInParallel = 1;
				LastSwiftUpdateCheck = 1610;
				LastUpgradeCheck = 1610;
				TargetAttributes = {
					1F31173D2CD7CBEF009C57D9 = {
						CreatedOnToolsVersion = 16.1;
					};
					1F3117532CD7CBF1009C57D9 = {
						CreatedOnToolsVersion = 16.1;
						TestTargetID = 1F31173D2CD7CBEF009C57D9;
					};
					1F31175D2CD7CBF1009C57D9 = {
						CreatedOnToolsVersion = 16.1;
						TestTargetID = 1F31173D2CD7CBEF009C57D9;
					};
				};
			};
			buildConfigurationList = 1F3117392CD7CBEF009C57D9 /* Build configuration list for PBXProject "RainbowScroll" */;
			developmentRegion = en;
			hasScannedForEncodings = 0;
			knownRegions = (
				en,
				Base,
			);
			mainGroup = 1F3117352CD7CBEF009C57D9;
			minimizedProjectReferenceProxies = 1;
			packageReferences = (
				1F3117972CD7CD5B009C57D9 /* XCRemoteSwiftPackageReference "SnapKit" */,
				1F31179A2CD7CD62009C57D9 /* XCRemoteSwiftPackageReference "Then" */,
			);
			preferredProjectObjectVersion = 77;
			productRefGroup = 1F31173F2CD7CBEF009C57D9 /* Products */;
			projectDirPath = "";
			projectRoot = "";
			targets = (
				1F31173D2CD7CBEF009C57D9 /* RainbowScroll */,
				1F3117532CD7CBF1009C57D9 /* RainbowScrollTests */,
				1F31175D2CD7CBF1009C57D9 /* RainbowScrollUITests */,
			);
		};
/* End PBXProject section */

/* Begin PBXResourcesBuildPhase section */
		1F31173C2CD7CBEF009C57D9 /* Resources */ = {
			isa = PBXResourcesBuildPhase;
			buildActionMask = 2147483647;
			files = (
			);
			runOnlyForDeploymentPostprocessing = 0;
		};
		1F3117522CD7CBF1009C57D9 /* Resources */ = {
			isa = PBXResourcesBuildPhase;
			buildActionMask = 2147483647;
			files = (
			);
			runOnlyForDeploymentPostprocessing = 0;
		};
		1F31175C2CD7CBF1009C57D9 /* Resources */ = {
			isa = PBXResourcesBuildPhase;
			buildActionMask = 2147483647;
			files = (
			);
			runOnlyForDeploymentPostprocessing = 0;
		};
/* End PBXResourcesBuildPhase section */

/* Begin PBXSourcesBuildPhase section */
		1F31173A2CD7CBEF009C57D9 /* Sources */ = {
			isa = PBXSourcesBuildPhase;
			buildActionMask = 2147483647;
			files = (
			);
			runOnlyForDeploymentPostprocessing = 0;
		};
		1F3117502CD7CBF1009C57D9 /* Sources */ = {
			isa = PBXSourcesBuildPhase;
			buildActionMask = 2147483647;
			files = (
			);
			runOnlyForDeploymentPostprocessing = 0;
		};
		1F31175A2CD7CBF1009C57D9 /* Sources */ = {
			isa = PBXSourcesBuildPhase;
			buildActionMask = 2147483647;
			files = (
			);
			runOnlyForDeploymentPostprocessing = 0;
		};
/* End PBXSourcesBuildPhase section */

/* Begin PBXTargetDependency section */
		1F3117562CD7CBF1009C57D9 /* PBXTargetDependency */ = {
			isa = PBXTargetDependency;
			target = 1F31173D2CD7CBEF009C57D9 /* RainbowScroll */;
			targetProxy = 1F3117552CD7CBF1009C57D9 /* PBXContainerItemProxy */;
		};
		1F3117602CD7CBF1009C57D9 /* PBXTargetDependency */ = {
			isa = PBXTargetDependency;
			target = 1F31173D2CD7CBEF009C57D9 /* RainbowScroll */;
			targetProxy = 1F31175F2CD7CBF1009C57D9 /* PBXContainerItemProxy */;
		};
/* End PBXTargetDependency section */

/* Begin XCBuildConfiguration section */
		1F3117682CD7CBF1009C57D9 /* Debug */ = {
			isa = XCBuildConfiguration;
			buildSettings = {
				ASSETCATALOG_COMPILER_APPICON_NAME = AppIcon;
				ASSETCATALOG_COMPILER_GLOBAL_ACCENT_COLOR_NAME = AccentColor;
				CODE_SIGN_STYLE = Automatic;
				CURRENT_PROJECT_VERSION = 1;
				DEVELOPMENT_TEAM = UKY6HK6U6Y;
				GENERATE_INFOPLIST_FILE = YES;
				INFOPLIST_FILE = RainbowScroll/Info.plist;
				INFOPLIST_KEY_UIApplicationSupportsIndirectInputEvents = YES;
				INFOPLIST_KEY_UILaunchStoryboardName = LaunchScreen;
				INFOPLIST_KEY_UIMainStoryboardFile = "";
				INFOPLIST_KEY_UISupportedInterfaceOrientations_iPad = "UIInterfaceOrientationPortrait UIInterfaceOrientationPortraitUpsideDown UIInterfaceOrientationLandscapeLeft UIInterfaceOrientationLandscapeRight";
				INFOPLIST_KEY_UISupportedInterfaceOrientations_iPhone = "UIInterfaceOrientationPortrait UIInterfaceOrientationLandscapeLeft UIInterfaceOrientationLandscapeRight";
				LD_RUNPATH_SEARCH_PATHS = (
					"$(inherited)",
					"@executable_path/Frameworks",
				);
				MARKETING_VERSION = 1.0;
				PRODUCT_BUNDLE_IDENTIFIER = com.hyeonju.RainbowScroll;
				PRODUCT_NAME = "$(TARGET_NAME)";
				SWIFT_EMIT_LOC_STRINGS = YES;
				SWIFT_VERSION = 5.0;
				TARGETED_DEVICE_FAMILY = "1,2";
			};
			name = Debug;
		};
		1F3117692CD7CBF1009C57D9 /* Release */ = {
			isa = XCBuildConfiguration;
			buildSettings = {
				ASSETCATALOG_COMPILER_APPICON_NAME = AppIcon;
				ASSETCATALOG_COMPILER_GLOBAL_ACCENT_COLOR_NAME = AccentColor;
				CODE_SIGN_STYLE = Automatic;
				CURRENT_PROJECT_VERSION = 1;
				DEVELOPMENT_TEAM = UKY6HK6U6Y;
				GENERATE_INFOPLIST_FILE = YES;
				INFOPLIST_FILE = RainbowScroll/Info.plist;
				INFOPLIST_KEY_UIApplicationSupportsIndirectInputEvents = YES;
				INFOPLIST_KEY_UILaunchStoryboardName = LaunchScreen;
				INFOPLIST_KEY_UIMainStoryboardFile = "";
				INFOPLIST_KEY_UISupportedInterfaceOrientations_iPad = "UIInterfaceOrientationPortrait UIInterfaceOrientationPortraitUpsideDown UIInterfaceOrientationLandscapeLeft UIInterfaceOrientationLandscapeRight";
				INFOPLIST_KEY_UISupportedInterfaceOrientations_iPhone = "UIInterfaceOrientationPortrait UIInterfaceOrientationLandscapeLeft UIInterfaceOrientationLandscapeRight";
				LD_RUNPATH_SEARCH_PATHS = (
					"$(inherited)",
					"@executable_path/Frameworks",
				);
				MARKETING_VERSION = 1.0;
				PRODUCT_BUNDLE_IDENTIFIER = com.hyeonju.RainbowScroll;
				PRODUCT_NAME = "$(TARGET_NAME)";
				SWIFT_EMIT_LOC_STRINGS = YES;
				SWIFT_VERSION = 5.0;
				TARGETED_DEVICE_FAMILY = "1,2";
			};
			name = Release;
		};
		1F31176A2CD7CBF1009C57D9 /* Debug */ = {
			isa = XCBuildConfiguration;
			buildSettings = {
				ALWAYS_SEARCH_USER_PATHS = NO;
				ASSETCATALOG_COMPILER_GENERATE_SWIFT_ASSET_SYMBOL_EXTENSIONS = YES;
				CLANG_ANALYZER_NONNULL = YES;
				CLANG_ANALYZER_NUMBER_OBJECT_CONVERSION = YES_AGGRESSIVE;
				CLANG_CXX_LANGUAGE_STANDARD = "gnu++20";
				CLANG_ENABLE_MODULES = YES;
				CLANG_ENABLE_OBJC_ARC = YES;
				CLANG_ENABLE_OBJC_WEAK = YES;
				CLANG_WARN_BLOCK_CAPTURE_AUTORELEASING = YES;
				CLANG_WARN_BOOL_CONVERSION = YES;
				CLANG_WARN_COMMA = YES;
				CLANG_WARN_CONSTANT_CONVERSION = YES;
				CLANG_WARN_DEPRECATED_OBJC_IMPLEMENTATIONS = YES;
				CLANG_WARN_DIRECT_OBJC_ISA_USAGE = YES_ERROR;
				CLANG_WARN_DOCUMENTATION_COMMENTS = YES;
				CLANG_WARN_EMPTY_BODY = YES;
				CLANG_WARN_ENUM_CONVERSION = YES;
				CLANG_WARN_INFINITE_RECURSION = YES;
				CLANG_WARN_INT_CONVERSION = YES;
				CLANG_WARN_NON_LITERAL_NULL_CONVERSION = YES;
				CLANG_WARN_OBJC_IMPLICIT_RETAIN_SELF = YES;
				CLANG_WARN_OBJC_LITERAL_CONVERSION = YES;
				CLANG_WARN_OBJC_ROOT_CLASS = YES_ERROR;
				CLANG_WARN_QUOTED_INCLUDE_IN_FRAMEWORK_HEADER = YES;
				CLANG_WARN_RANGE_LOOP_ANALYSIS = YES;
				CLANG_WARN_STRICT_PROTOTYPES = YES;
				CLANG_WARN_SUSPICIOUS_MOVE = YES;
				CLANG_WARN_UNGUARDED_AVAILABILITY = YES_AGGRESSIVE;
				CLANG_WARN_UNREACHABLE_CODE = YES;
				CLANG_WARN__DUPLICATE_METHOD_MATCH = YES;
				COPY_PHASE_STRIP = NO;
				DEBUG_INFORMATION_FORMAT = dwarf;
				ENABLE_STRICT_OBJC_MSGSEND = YES;
				ENABLE_TESTABILITY = YES;
				ENABLE_USER_SCRIPT_SANDBOXING = YES;
				GCC_C_LANGUAGE_STANDARD = gnu17;
				GCC_DYNAMIC_NO_PIC = NO;
				GCC_NO_COMMON_BLOCKS = YES;
				GCC_OPTIMIZATION_LEVEL = 0;
				GCC_PREPROCESSOR_DEFINITIONS = (
					"DEBUG=1",
					"$(inherited)",
				);
				GCC_WARN_64_TO_32_BIT_CONVERSION = YES;
				GCC_WARN_ABOUT_RETURN_TYPE = YES_ERROR;
				GCC_WARN_UNDECLARED_SELECTOR = YES;
				GCC_WARN_UNINITIALIZED_AUTOS = YES_AGGRESSIVE;
				GCC_WARN_UNUSED_FUNCTION = YES;
				GCC_WARN_UNUSED_VARIABLE = YES;
				IPHONEOS_DEPLOYMENT_TARGET = 18.1;
				LOCALIZATION_PREFERS_STRING_CATALOGS = YES;
				MTL_ENABLE_DEBUG_INFO = INCLUDE_SOURCE;
				MTL_FAST_MATH = YES;
				ONLY_ACTIVE_ARCH = YES;
				SDKROOT = iphoneos;
				SWIFT_ACTIVE_COMPILATION_CONDITIONS = "DEBUG $(inherited)";
				SWIFT_OPTIMIZATION_LEVEL = "-Onone";
			};
			name = Debug;
		};
		1F31176B2CD7CBF1009C57D9 /* Release */ = {
			isa = XCBuildConfiguration;
			buildSettings = {
				ALWAYS_SEARCH_USER_PATHS = NO;
				ASSETCATALOG_COMPILER_GENERATE_SWIFT_ASSET_SYMBOL_EXTENSIONS = YES;
				CLANG_ANALYZER_NONNULL = YES;
				CLANG_ANALYZER_NUMBER_OBJECT_CONVERSION = YES_AGGRESSIVE;
				CLANG_CXX_LANGUAGE_STANDARD = "gnu++20";
				CLANG_ENABLE_MODULES = YES;
				CLANG_ENABLE_OBJC_ARC = YES;
				CLANG_ENABLE_OBJC_WEAK = YES;
				CLANG_WARN_BLOCK_CAPTURE_AUTORELEASING = YES;
				CLANG_WARN_BOOL_CONVERSION = YES;
				CLANG_WARN_COMMA = YES;
				CLANG_WARN_CONSTANT_CONVERSION = YES;
				CLANG_WARN_DEPRECATED_OBJC_IMPLEMENTATIONS = YES;
				CLANG_WARN_DIRECT_OBJC_ISA_USAGE = YES_ERROR;
				CLANG_WARN_DOCUMENTATION_COMMENTS = YES;
				CLANG_WARN_EMPTY_BODY = YES;
				CLANG_WARN_ENUM_CONVERSION = YES;
				CLANG_WARN_INFINITE_RECURSION = YES;
				CLANG_WARN_INT_CONVERSION = YES;
				CLANG_WARN_NON_LITERAL_NULL_CONVERSION = YES;
				CLANG_WARN_OBJC_IMPLICIT_RETAIN_SELF = YES;
				CLANG_WARN_OBJC_LITERAL_CONVERSION = YES;
				CLANG_WARN_OBJC_ROOT_CLASS = YES_ERROR;
				CLANG_WARN_QUOTED_INCLUDE_IN_FRAMEWORK_HEADER = YES;
				CLANG_WARN_RANGE_LOOP_ANALYSIS = YES;
				CLANG_WARN_STRICT_PROTOTYPES = YES;
				CLANG_WARN_SUSPICIOUS_MOVE = YES;
				CLANG_WARN_UNGUARDED_AVAILABILITY = YES_AGGRESSIVE;
				CLANG_WARN_UNREACHABLE_CODE = YES;
				CLANG_WARN__DUPLICATE_METHOD_MATCH = YES;
				COPY_PHASE_STRIP = NO;
				DEBUG_INFORMATION_FORMAT = "dwarf-with-dsym";
				ENABLE_NS_ASSERTIONS = NO;
				ENABLE_STRICT_OBJC_MSGSEND = YES;
				ENABLE_USER_SCRIPT_SANDBOXING = YES;
				GCC_C_LANGUAGE_STANDARD = gnu17;
				GCC_NO_COMMON_BLOCKS = YES;
				GCC_WARN_64_TO_32_BIT_CONVERSION = YES;
				GCC_WARN_ABOUT_RETURN_TYPE = YES_ERROR;
				GCC_WARN_UNDECLARED_SELECTOR = YES;
				GCC_WARN_UNINITIALIZED_AUTOS = YES_AGGRESSIVE;
				GCC_WARN_UNUSED_FUNCTION = YES;
				GCC_WARN_UNUSED_VARIABLE = YES;
				IPHONEOS_DEPLOYMENT_TARGET = 18.1;
				LOCALIZATION_PREFERS_STRING_CATALOGS = YES;
				MTL_ENABLE_DEBUG_INFO = NO;
				MTL_FAST_MATH = YES;
				SDKROOT = iphoneos;
				SWIFT_COMPILATION_MODE = wholemodule;
				VALIDATE_PRODUCT = YES;
			};
			name = Release;
		};
		1F31176D2CD7CBF1009C57D9 /* Debug */ = {
			isa = XCBuildConfiguration;
			buildSettings = {
				BUNDLE_LOADER = "$(TEST_HOST)";
				CODE_SIGN_STYLE = Automatic;
				CURRENT_PROJECT_VERSION = 1;
				DEVELOPMENT_TEAM = UKY6HK6U6Y;
				GENERATE_INFOPLIST_FILE = YES;
				IPHONEOS_DEPLOYMENT_TARGET = 18.1;
				MARKETING_VERSION = 1.0;
				PRODUCT_BUNDLE_IDENTIFIER = com.hyeonju.RainbowScrollTests;
				PRODUCT_NAME = "$(TARGET_NAME)";
				SWIFT_EMIT_LOC_STRINGS = NO;
				SWIFT_VERSION = 5.0;
				TARGETED_DEVICE_FAMILY = "1,2";
				TEST_HOST = "$(BUILT_PRODUCTS_DIR)/RainbowScroll.app/$(BUNDLE_EXECUTABLE_FOLDER_PATH)/RainbowScroll";
			};
			name = Debug;
		};
		1F31176E2CD7CBF1009C57D9 /* Release */ = {
			isa = XCBuildConfiguration;
			buildSettings = {
				BUNDLE_LOADER = "$(TEST_HOST)";
				CODE_SIGN_STYLE = Automatic;
				CURRENT_PROJECT_VERSION = 1;
				DEVELOPMENT_TEAM = UKY6HK6U6Y;
				GENERATE_INFOPLIST_FILE = YES;
				IPHONEOS_DEPLOYMENT_TARGET = 18.1;
				MARKETING_VERSION = 1.0;
				PRODUCT_BUNDLE_IDENTIFIER = com.hyeonju.RainbowScrollTests;
				PRODUCT_NAME = "$(TARGET_NAME)";
				SWIFT_EMIT_LOC_STRINGS = NO;
				SWIFT_VERSION = 5.0;
				TARGETED_DEVICE_FAMILY = "1,2";
				TEST_HOST = "$(BUILT_PRODUCTS_DIR)/RainbowScroll.app/$(BUNDLE_EXECUTABLE_FOLDER_PATH)/RainbowScroll";
			};
			name = Release;
		};
		1F3117702CD7CBF1009C57D9 /* Debug */ = {
			isa = XCBuildConfiguration;
			buildSettings = {
				CODE_SIGN_STYLE = Automatic;
				CURRENT_PROJECT_VERSION = 1;
				DEVELOPMENT_TEAM = UKY6HK6U6Y;
				GENERATE_INFOPLIST_FILE = YES;
				MARKETING_VERSION = 1.0;
				PRODUCT_BUNDLE_IDENTIFIER = com.hyeonju.RainbowScrollUITests;
				PRODUCT_NAME = "$(TARGET_NAME)";
				SWIFT_EMIT_LOC_STRINGS = NO;
				SWIFT_VERSION = 5.0;
				TARGETED_DEVICE_FAMILY = "1,2";
				TEST_TARGET_NAME = RainbowScroll;
			};
			name = Debug;
		};
		1F3117712CD7CBF1009C57D9 /* Release */ = {
			isa = XCBuildConfiguration;
			buildSettings = {
				CODE_SIGN_STYLE = Automatic;
				CURRENT_PROJECT_VERSION = 1;
				DEVELOPMENT_TEAM = UKY6HK6U6Y;
				GENERATE_INFOPLIST_FILE = YES;
				MARKETING_VERSION = 1.0;
				PRODUCT_BUNDLE_IDENTIFIER = com.hyeonju.RainbowScrollUITests;
				PRODUCT_NAME = "$(TARGET_NAME)";
				SWIFT_EMIT_LOC_STRINGS = NO;
				SWIFT_VERSION = 5.0;
				TARGETED_DEVICE_FAMILY = "1,2";
				TEST_TARGET_NAME = RainbowScroll;
			};
			name = Release;
		};
/* End XCBuildConfiguration section */

/* Begin XCConfigurationList section */
		1F3117392CD7CBEF009C57D9 /* Build configuration list for PBXProject "RainbowScroll" */ = {
			isa = XCConfigurationList;
			buildConfigurations = (
				1F31176A2CD7CBF1009C57D9 /* Debug */,
				1F31176B2CD7CBF1009C57D9 /* Release */,
			);
			defaultConfigurationIsVisible = 0;
			defaultConfigurationName = Release;
		};
		1F3117672CD7CBF1009C57D9 /* Build configuration list for PBXNativeTarget "RainbowScroll" */ = {
			isa = XCConfigurationList;
			buildConfigurations = (
				1F3117682CD7CBF1009C57D9 /* Debug */,
				1F3117692CD7CBF1009C57D9 /* Release */,
			);
			defaultConfigurationIsVisible = 0;
			defaultConfigurationName = Release;
		};
		1F31176C2CD7CBF1009C57D9 /* Build configuration list for PBXNativeTarget "RainbowScrollTests" */ = {
			isa = XCConfigurationList;
			buildConfigurations = (
				1F31176D2CD7CBF1009C57D9 /* Debug */,
				1F31176E2CD7CBF1009C57D9 /* Release */,
			);
			defaultConfigurationIsVisible = 0;
			defaultConfigurationName = Release;
		};
		1F31176F2CD7CBF1009C57D9 /* Build configuration list for PBXNativeTarget "RainbowScrollUITests" */ = {
			isa = XCConfigurationList;
			buildConfigurations = (
				1F3117702CD7CBF1009C57D9 /* Debug */,
				1F3117712CD7CBF1009C57D9 /* Release */,
			);
			defaultConfigurationIsVisible = 0;
			defaultConfigurationName = Release;
		};
/* End XCConfigurationList section */

/* Begin XCRemoteSwiftPackageReference section */
		1F3117972CD7CD5B009C57D9 /* XCRemoteSwiftPackageReference "SnapKit" */ = {
			isa = XCRemoteSwiftPackageReference;
			repositoryURL = "https://github.com/SnapKit/SnapKit.git";
			requirement = {
				kind = upToNextMajorVersion;
				minimumVersion = 5.7.1;
			};
		};
		1F31179A2CD7CD62009C57D9 /* XCRemoteSwiftPackageReference "Then" */ = {
			isa = XCRemoteSwiftPackageReference;
			repositoryURL = "https://github.com/devxoul/Then";
			requirement = {
				kind = upToNextMajorVersion;
				minimumVersion = 3.0.0;
			};
		};
/* End XCRemoteSwiftPackageReference section */

/* Begin XCSwiftPackageProductDependency section */
		1F3117982CD7CD5B009C57D9 /* SnapKit */ = {
			isa = XCSwiftPackageProductDependency;
			package = 1F3117972CD7CD5B009C57D9 /* XCRemoteSwiftPackageReference "SnapKit" */;
			productName = SnapKit;
		};
		1F31179B2CD7CD62009C57D9 /* Then */ = {
			isa = XCSwiftPackageProductDependency;
			package = 1F31179A2CD7CD62009C57D9 /* XCRemoteSwiftPackageReference "Then" */;
			productName = Then;
		};
/* End XCSwiftPackageProductDependency section */
	};
	rootObject = 1F3117362CD7CBEF009C57D9 /* Project object */;
}
