// !$*UTF8*$!
{
	archiveVersion = 1;
	classes = {
	};
	objectVersion = 77;
	objects = {

/* Begin PBXBuildFile section */
		963DD8802CFC238C001846A2 /* Kingfisher in Frameworks */ = {isa = PBXBuildFile; productRef = 963DD87F2CFC238C001846A2 /* Kingfisher */; };
		967AD9F32CEDC62B001A3397 /* CombineMoya in Frameworks */ = {isa = PBXBuildFile; productRef = 967AD9F22CEDC62B001A3397 /* CombineMoya */; };
		967AD9F52CEDC62B001A3397 /* Moya in Frameworks */ = {isa = PBXBuildFile; productRef = 967AD9F42CEDC62B001A3397 /* Moya */; };
		967AD9F72CEDC62B001A3397 /* ReactiveMoya in Frameworks */ = {isa = PBXBuildFile; productRef = 967AD9F62CEDC62B001A3397 /* ReactiveMoya */; };
		967AD9F92CEDC62B001A3397 /* RxMoya in Frameworks */ = {isa = PBXBuildFile; productRef = 967AD9F82CEDC62B001A3397 /* RxMoya */; };
		96D264272CE5C2B000114DC6 /* KakaoSDK in Frameworks */ = {isa = PBXBuildFile; productRef = 96D264262CE5C2B000114DC6 /* KakaoSDK */; };
		96D264292CE5C2B000114DC6 /* KakaoSDKAuth in Frameworks */ = {isa = PBXBuildFile; productRef = 96D264282CE5C2B000114DC6 /* KakaoSDKAuth */; };
		96D2642B2CE5C2B000114DC6 /* KakaoSDKCert in Frameworks */ = {isa = PBXBuildFile; productRef = 96D2642A2CE5C2B000114DC6 /* KakaoSDKCert */; };
		96D2642D2CE5C2B000114DC6 /* KakaoSDKCertCore in Frameworks */ = {isa = PBXBuildFile; productRef = 96D2642C2CE5C2B000114DC6 /* KakaoSDKCertCore */; };
		96D2642F2CE5C2B000114DC6 /* KakaoSDKCommon in Frameworks */ = {isa = PBXBuildFile; productRef = 96D2642E2CE5C2B000114DC6 /* KakaoSDKCommon */; };
		96D264312CE5C2B000114DC6 /* KakaoSDKFriend in Frameworks */ = {isa = PBXBuildFile; productRef = 96D264302CE5C2B000114DC6 /* KakaoSDKFriend */; };
		96D264332CE5C2B000114DC6 /* KakaoSDKFriendCore in Frameworks */ = {isa = PBXBuildFile; productRef = 96D264322CE5C2B000114DC6 /* KakaoSDKFriendCore */; };
		96D264352CE5C2B000114DC6 /* KakaoSDKNavi in Frameworks */ = {isa = PBXBuildFile; productRef = 96D264342CE5C2B000114DC6 /* KakaoSDKNavi */; };
		96D264372CE5C2B000114DC6 /* KakaoSDKShare in Frameworks */ = {isa = PBXBuildFile; productRef = 96D264362CE5C2B000114DC6 /* KakaoSDKShare */; };
		96D264392CE5C2B000114DC6 /* KakaoSDKTalk in Frameworks */ = {isa = PBXBuildFile; productRef = 96D264382CE5C2B000114DC6 /* KakaoSDKTalk */; };
		96D2643B2CE5C2B000114DC6 /* KakaoSDKTemplate in Frameworks */ = {isa = PBXBuildFile; productRef = 96D2643A2CE5C2B000114DC6 /* KakaoSDKTemplate */; };
		96D2643D2CE5C2B000114DC6 /* KakaoSDKUser in Frameworks */ = {isa = PBXBuildFile; productRef = 96D2643C2CE5C2B000114DC6 /* KakaoSDKUser */; };
		96E116852CAE454500C32EDC /* SnapKit in Frameworks */ = {isa = PBXBuildFile; productRef = 96E116842CAE454500C32EDC /* SnapKit */; };
/* End PBXBuildFile section */

/* Begin PBXFileReference section */
		963052BC2CA2A13E00D37A01 /* MyKream.app */ = {isa = PBXFileReference; explicitFileType = wrapper.application; includeInIndex = 0; path = MyKream.app; sourceTree = BUILT_PRODUCTS_DIR; };
/* End PBXFileReference section */

/* Begin PBXFileSystemSynchronizedBuildFileExceptionSet section */
		963052CE2CA2A14000D37A01 /* Exceptions for "MyKream" folder in "MyKream" target */ = {
			isa = PBXFileSystemSynchronizedBuildFileExceptionSet;
			membershipExceptions = (
				Info.plist,
			);
			target = 963052BB2CA2A13E00D37A01 /* MyKream */;
		};
/* End PBXFileSystemSynchronizedBuildFileExceptionSet section */

/* Begin PBXFileSystemSynchronizedRootGroup section */
		963052BE2CA2A13E00D37A01 /* MyKream */ = {
			isa = PBXFileSystemSynchronizedRootGroup;
			exceptions = (
				963052CE2CA2A14000D37A01 /* Exceptions for "MyKream" folder in "MyKream" target */,
			);
			path = MyKream;
			sourceTree = "<group>";
		};
/* End PBXFileSystemSynchronizedRootGroup section */

/* Begin PBXFrameworksBuildPhase section */
		963052B92CA2A13E00D37A01 /* Frameworks */ = {
			isa = PBXFrameworksBuildPhase;
			buildActionMask = 2147483647;
			files = (
				96E116852CAE454500C32EDC /* SnapKit in Frameworks */,
				96D264312CE5C2B000114DC6 /* KakaoSDKFriend in Frameworks */,
				96D264272CE5C2B000114DC6 /* KakaoSDK in Frameworks */,
				96D264352CE5C2B000114DC6 /* KakaoSDKNavi in Frameworks */,
				96D2642D2CE5C2B000114DC6 /* KakaoSDKCertCore in Frameworks */,
				967AD9F72CEDC62B001A3397 /* ReactiveMoya in Frameworks */,
				96D2643B2CE5C2B000114DC6 /* KakaoSDKTemplate in Frameworks */,
				96D264332CE5C2B000114DC6 /* KakaoSDKFriendCore in Frameworks */,
				96D264292CE5C2B000114DC6 /* KakaoSDKAuth in Frameworks */,
				967AD9F52CEDC62B001A3397 /* Moya in Frameworks */,
				96D2643D2CE5C2B000114DC6 /* KakaoSDKUser in Frameworks */,
				96D264392CE5C2B000114DC6 /* KakaoSDKTalk in Frameworks */,
				963DD8802CFC238C001846A2 /* Kingfisher in Frameworks */,
				967AD9F92CEDC62B001A3397 /* RxMoya in Frameworks */,
				967AD9F32CEDC62B001A3397 /* CombineMoya in Frameworks */,
				96D264372CE5C2B000114DC6 /* KakaoSDKShare in Frameworks */,
				96D2642F2CE5C2B000114DC6 /* KakaoSDKCommon in Frameworks */,
				96D2642B2CE5C2B000114DC6 /* KakaoSDKCert in Frameworks */,
			);
			runOnlyForDeploymentPostprocessing = 0;
		};
/* End PBXFrameworksBuildPhase section */

/* Begin PBXGroup section */
		963052B32CA2A13E00D37A01 = {
			isa = PBXGroup;
			children = (
				963052BE2CA2A13E00D37A01 /* MyKream */,
				963052BD2CA2A13E00D37A01 /* Products */,
			);
			sourceTree = "<group>";
		};
		963052BD2CA2A13E00D37A01 /* Products */ = {
			isa = PBXGroup;
			children = (
				963052BC2CA2A13E00D37A01 /* MyKream.app */,
			);
			name = Products;
			sourceTree = "<group>";
		};
/* End PBXGroup section */

/* Begin PBXNativeTarget section */
		963052BB2CA2A13E00D37A01 /* MyKream */ = {
			isa = PBXNativeTarget;
			buildConfigurationList = 963052CF2CA2A14000D37A01 /* Build configuration list for PBXNativeTarget "MyKream" */;
			buildPhases = (
				963052B82CA2A13E00D37A01 /* Sources */,
				963052B92CA2A13E00D37A01 /* Frameworks */,
				963052BA2CA2A13E00D37A01 /* Resources */,
			);
			buildRules = (
			);
			dependencies = (
			);
			fileSystemSynchronizedGroups = (
				963052BE2CA2A13E00D37A01 /* MyKream */,
			);
			name = MyKream;
			packageProductDependencies = (
				96E116842CAE454500C32EDC /* SnapKit */,
				96D264262CE5C2B000114DC6 /* KakaoSDK */,
				96D264282CE5C2B000114DC6 /* KakaoSDKAuth */,
				96D2642A2CE5C2B000114DC6 /* KakaoSDKCert */,
				96D2642C2CE5C2B000114DC6 /* KakaoSDKCertCore */,
				96D2642E2CE5C2B000114DC6 /* KakaoSDKCommon */,
				96D264302CE5C2B000114DC6 /* KakaoSDKFriend */,
				96D264322CE5C2B000114DC6 /* KakaoSDKFriendCore */,
				96D264342CE5C2B000114DC6 /* KakaoSDKNavi */,
				96D264362CE5C2B000114DC6 /* KakaoSDKShare */,
				96D264382CE5C2B000114DC6 /* KakaoSDKTalk */,
				96D2643A2CE5C2B000114DC6 /* KakaoSDKTemplate */,
				96D2643C2CE5C2B000114DC6 /* KakaoSDKUser */,
				967AD9F22CEDC62B001A3397 /* CombineMoya */,
				967AD9F42CEDC62B001A3397 /* Moya */,
				967AD9F62CEDC62B001A3397 /* ReactiveMoya */,
				967AD9F82CEDC62B001A3397 /* RxMoya */,
				963DD87F2CFC238C001846A2 /* Kingfisher */,
			);
			productName = MyKream;
			productReference = 963052BC2CA2A13E00D37A01 /* MyKream.app */;
			productType = "com.apple.product-type.application";
		};
/* End PBXNativeTarget section */

/* Begin PBXProject section */
		963052B42CA2A13E00D37A01 /* Project object */ = {
			isa = PBXProject;
			attributes = {
				BuildIndependentTargetsInParallel = 1;
				LastSwiftUpdateCheck = 1600;
				LastUpgradeCheck = 1600;
				TargetAttributes = {
					963052BB2CA2A13E00D37A01 = {
						CreatedOnToolsVersion = 16.0;
					};
				};
			};
			buildConfigurationList = 963052B72CA2A13E00D37A01 /* Build configuration list for PBXProject "MyKream" */;
			developmentRegion = en;
			hasScannedForEncodings = 0;
			knownRegions = (
				en,
				Base,
			);
			mainGroup = 963052B32CA2A13E00D37A01;
			minimizedProjectReferenceProxies = 1;
			packageReferences = (
				96E116832CAE454500C32EDC /* XCRemoteSwiftPackageReference "SnapKit" */,
				96D264252CE5C2B000114DC6 /* XCRemoteSwiftPackageReference "kakao-ios-sdk" */,
				967AD9F12CEDC62B001A3397 /* XCRemoteSwiftPackageReference "Moya" */,
				963DD87E2CFC238C001846A2 /* XCRemoteSwiftPackageReference "Kingfisher" */,
			);
			preferredProjectObjectVersion = 77;
			productRefGroup = 963052BD2CA2A13E00D37A01 /* Products */;
			projectDirPath = "";
			projectRoot = "";
			targets = (
				963052BB2CA2A13E00D37A01 /* MyKream */,
			);
		};
/* End PBXProject section */

/* Begin PBXResourcesBuildPhase section */
		963052BA2CA2A13E00D37A01 /* Resources */ = {
			isa = PBXResourcesBuildPhase;
			buildActionMask = 2147483647;
			files = (
			);
			runOnlyForDeploymentPostprocessing = 0;
		};
/* End PBXResourcesBuildPhase section */

/* Begin PBXSourcesBuildPhase section */
		963052B82CA2A13E00D37A01 /* Sources */ = {
			isa = PBXSourcesBuildPhase;
			buildActionMask = 2147483647;
			files = (
			);
			runOnlyForDeploymentPostprocessing = 0;
		};
/* End PBXSourcesBuildPhase section */

/* Begin XCBuildConfiguration section */
		963052D02CA2A14000D37A01 /* Debug */ = {
			isa = XCBuildConfiguration;
			buildSettings = {
				ASSETCATALOG_COMPILER_APPICON_NAME = AppIcon;
				ASSETCATALOG_COMPILER_GLOBAL_ACCENT_COLOR_NAME = AccentColor;
				CODE_SIGN_STYLE = Automatic;
				CURRENT_PROJECT_VERSION = 1;
				DEVELOPMENT_TEAM = JU27F4BHH8;
				GENERATE_INFOPLIST_FILE = YES;
				INFOPLIST_FILE = MyKream/Info.plist;
				INFOPLIST_KEY_UIApplicationSupportsIndirectInputEvents = YES;
				INFOPLIST_KEY_UILaunchStoryboardName = LaunchScreen;
				INFOPLIST_KEY_UISupportedInterfaceOrientations_iPad = "UIInterfaceOrientationPortrait UIInterfaceOrientationPortraitUpsideDown UIInterfaceOrientationLandscapeLeft UIInterfaceOrientationLandscapeRight";
				INFOPLIST_KEY_UISupportedInterfaceOrientations_iPhone = "UIInterfaceOrientationPortrait UIInterfaceOrientationLandscapeLeft UIInterfaceOrientationLandscapeRight";
				LD_RUNPATH_SEARCH_PATHS = (
					"$(inherited)",
					"@executable_path/Frameworks",
				);
				MARKETING_VERSION = 1.0;
				PRODUCT_BUNDLE_IDENTIFIER = com.constant.MyKream;
				PRODUCT_NAME = "$(TARGET_NAME)";
				SWIFT_EMIT_LOC_STRINGS = YES;
				SWIFT_VERSION = 5.0;
				TARGETED_DEVICE_FAMILY = "1,2";
			};
			name = Debug;
		};
		963052D12CA2A14000D37A01 /* Release */ = {
			isa = XCBuildConfiguration;
			buildSettings = {
				ASSETCATALOG_COMPILER_APPICON_NAME = AppIcon;
				ASSETCATALOG_COMPILER_GLOBAL_ACCENT_COLOR_NAME = AccentColor;
				CODE_SIGN_STYLE = Automatic;
				CURRENT_PROJECT_VERSION = 1;
				DEVELOPMENT_TEAM = JU27F4BHH8;
				GENERATE_INFOPLIST_FILE = YES;
				INFOPLIST_FILE = MyKream/Info.plist;
				INFOPLIST_KEY_UIApplicationSupportsIndirectInputEvents = YES;
				INFOPLIST_KEY_UILaunchStoryboardName = LaunchScreen;
				INFOPLIST_KEY_UISupportedInterfaceOrientations_iPad = "UIInterfaceOrientationPortrait UIInterfaceOrientationPortraitUpsideDown UIInterfaceOrientationLandscapeLeft UIInterfaceOrientationLandscapeRight";
				INFOPLIST_KEY_UISupportedInterfaceOrientations_iPhone = "UIInterfaceOrientationPortrait UIInterfaceOrientationLandscapeLeft UIInterfaceOrientationLandscapeRight";
				LD_RUNPATH_SEARCH_PATHS = (
					"$(inherited)",
					"@executable_path/Frameworks",
				);
				MARKETING_VERSION = 1.0;
				PRODUCT_BUNDLE_IDENTIFIER = com.constant.MyKream;
				PRODUCT_NAME = "$(TARGET_NAME)";
				SWIFT_EMIT_LOC_STRINGS = YES;
				SWIFT_VERSION = 5.0;
				TARGETED_DEVICE_FAMILY = "1,2";
			};
			name = Release;
		};
		963052D22CA2A14000D37A01 /* Debug */ = {
			isa = XCBuildConfiguration;
			buildSettings = {
				ALWAYS_SEARCH_USER_PATHS = NO;
				ASSETCATALOG_COMPILER_GENERATE_SWIFT_ASSET_SYMBOL_EXTENSIONS = YES;
				CLANG_ANALYZER_NONNULL = YES;
				CLANG_ANALYZER_NUMBER_OBJECT_CONVERSION = YES_AGGRESSIVE;
				CLANG_CXX_LANGUAGE_STANDARD = "gnu++20";
				CLANG_ENABLE_MODULES = YES;
				CLANG_ENABLE_OBJC_ARC = YES;
				CLANG_ENABLE_OBJC_WEAK = YES;
				CLANG_WARN_BLOCK_CAPTURE_AUTORELEASING = YES;
				CLANG_WARN_BOOL_CONVERSION = YES;
				CLANG_WARN_COMMA = YES;
				CLANG_WARN_CONSTANT_CONVERSION = YES;
				CLANG_WARN_DEPRECATED_OBJC_IMPLEMENTATIONS = YES;
				CLANG_WARN_DIRECT_OBJC_ISA_USAGE = YES_ERROR;
				CLANG_WARN_DOCUMENTATION_COMMENTS = YES;
				CLANG_WARN_EMPTY_BODY = YES;
				CLANG_WARN_ENUM_CONVERSION = YES;
				CLANG_WARN_INFINITE_RECURSION = YES;
				CLANG_WARN_INT_CONVERSION = YES;
				CLANG_WARN_NON_LITERAL_NULL_CONVERSION = YES;
				CLANG_WARN_OBJC_IMPLICIT_RETAIN_SELF = YES;
				CLANG_WARN_OBJC_LITERAL_CONVERSION = YES;
				CLANG_WARN_OBJC_ROOT_CLASS = YES_ERROR;
				CLANG_WARN_QUOTED_INCLUDE_IN_FRAMEWORK_HEADER = YES;
				CLANG_WARN_RANGE_LOOP_ANALYSIS = YES;
				CLANG_WARN_STRICT_PROTOTYPES = YES;
				CLANG_WARN_SUSPICIOUS_MOVE = YES;
				CLANG_WARN_UNGUARDED_AVAILABILITY = YES_AGGRESSIVE;
				CLANG_WARN_UNREACHABLE_CODE = YES;
				CLANG_WARN__DUPLICATE_METHOD_MATCH = YES;
				COPY_PHASE_STRIP = NO;
				DEBUG_INFORMATION_FORMAT = dwarf;
				ENABLE_STRICT_OBJC_MSGSEND = YES;
				ENABLE_TESTABILITY = YES;
				ENABLE_USER_SCRIPT_SANDBOXING = YES;
				GCC_C_LANGUAGE_STANDARD = gnu17;
				GCC_DYNAMIC_NO_PIC = NO;
				GCC_NO_COMMON_BLOCKS = YES;
				GCC_OPTIMIZATION_LEVEL = 0;
				GCC_PREPROCESSOR_DEFINITIONS = (
					"DEBUG=1",
					"$(inherited)",
				);
				GCC_WARN_64_TO_32_BIT_CONVERSION = YES;
				GCC_WARN_ABOUT_RETURN_TYPE = YES_ERROR;
				GCC_WARN_UNDECLARED_SELECTOR = YES;
				GCC_WARN_UNINITIALIZED_AUTOS = YES_AGGRESSIVE;
				GCC_WARN_UNUSED_FUNCTION = YES;
				GCC_WARN_UNUSED_VARIABLE = YES;
				IPHONEOS_DEPLOYMENT_TARGET = 18.0;
				LOCALIZATION_PREFERS_STRING_CATALOGS = YES;
				MTL_ENABLE_DEBUG_INFO = INCLUDE_SOURCE;
				MTL_FAST_MATH = YES;
				ONLY_ACTIVE_ARCH = YES;
				SDKROOT = iphoneos;
				SWIFT_ACTIVE_COMPILATION_CONDITIONS = "DEBUG $(inherited)";
				SWIFT_OPTIMIZATION_LEVEL = "-Onone";
			};
			name = Debug;
		};
		963052D32CA2A14000D37A01 /* Release */ = {
			isa = XCBuildConfiguration;
			buildSettings = {
				ALWAYS_SEARCH_USER_PATHS = NO;
				ASSETCATALOG_COMPILER_GENERATE_SWIFT_ASSET_SYMBOL_EXTENSIONS = YES;
				CLANG_ANALYZER_NONNULL = YES;
				CLANG_ANALYZER_NUMBER_OBJECT_CONVERSION = YES_AGGRESSIVE;
				CLANG_CXX_LANGUAGE_STANDARD = "gnu++20";
				CLANG_ENABLE_MODULES = YES;
				CLANG_ENABLE_OBJC_ARC = YES;
				CLANG_ENABLE_OBJC_WEAK = YES;
				CLANG_WARN_BLOCK_CAPTURE_AUTORELEASING = YES;
				CLANG_WARN_BOOL_CONVERSION = YES;
				CLANG_WARN_COMMA = YES;
				CLANG_WARN_CONSTANT_CONVERSION = YES;
				CLANG_WARN_DEPRECATED_OBJC_IMPLEMENTATIONS = YES;
				CLANG_WARN_DIRECT_OBJC_ISA_USAGE = YES_ERROR;
				CLANG_WARN_DOCUMENTATION_COMMENTS = YES;
				CLANG_WARN_EMPTY_BODY = YES;
				CLANG_WARN_ENUM_CONVERSION = YES;
				CLANG_WARN_INFINITE_RECURSION = YES;
				CLANG_WARN_INT_CONVERSION = YES;
				CLANG_WARN_NON_LITERAL_NULL_CONVERSION = YES;
				CLANG_WARN_OBJC_IMPLICIT_RETAIN_SELF = YES;
				CLANG_WARN_OBJC_LITERAL_CONVERSION = YES;
				CLANG_WARN_OBJC_ROOT_CLASS = YES_ERROR;
				CLANG_WARN_QUOTED_INCLUDE_IN_FRAMEWORK_HEADER = YES;
				CLANG_WARN_RANGE_LOOP_ANALYSIS = YES;
				CLANG_WARN_STRICT_PROTOTYPES = YES;
				CLANG_WARN_SUSPICIOUS_MOVE = YES;
				CLANG_WARN_UNGUARDED_AVAILABILITY = YES_AGGRESSIVE;
				CLANG_WARN_UNREACHABLE_CODE = YES;
				CLANG_WARN__DUPLICATE_METHOD_MATCH = YES;
				COPY_PHASE_STRIP = NO;
				DEBUG_INFORMATION_FORMAT = "dwarf-with-dsym";
				ENABLE_NS_ASSERTIONS = NO;
				ENABLE_STRICT_OBJC_MSGSEND = YES;
				ENABLE_USER_SCRIPT_SANDBOXING = YES;
				GCC_C_LANGUAGE_STANDARD = gnu17;
				GCC_NO_COMMON_BLOCKS = YES;
				GCC_WARN_64_TO_32_BIT_CONVERSION = YES;
				GCC_WARN_ABOUT_RETURN_TYPE = YES_ERROR;
				GCC_WARN_UNDECLARED_SELECTOR = YES;
				GCC_WARN_UNINITIALIZED_AUTOS = YES_AGGRESSIVE;
				GCC_WARN_UNUSED_FUNCTION = YES;
				GCC_WARN_UNUSED_VARIABLE = YES;
				IPHONEOS_DEPLOYMENT_TARGET = 18.0;
				LOCALIZATION_PREFERS_STRING_CATALOGS = YES;
				MTL_ENABLE_DEBUG_INFO = NO;
				MTL_FAST_MATH = YES;
				SDKROOT = iphoneos;
				SWIFT_COMPILATION_MODE = wholemodule;
				VALIDATE_PRODUCT = YES;
			};
			name = Release;
		};
/* End XCBuildConfiguration section */

/* Begin XCConfigurationList section */
		963052B72CA2A13E00D37A01 /* Build configuration list for PBXProject "MyKream" */ = {
			isa = XCConfigurationList;
			buildConfigurations = (
				963052D22CA2A14000D37A01 /* Debug */,
				963052D32CA2A14000D37A01 /* Release */,
			);
			defaultConfigurationIsVisible = 0;
			defaultConfigurationName = Release;
		};
		963052CF2CA2A14000D37A01 /* Build configuration list for PBXNativeTarget "MyKream" */ = {
			isa = XCConfigurationList;
			buildConfigurations = (
				963052D02CA2A14000D37A01 /* Debug */,
				963052D12CA2A14000D37A01 /* Release */,
			);
			defaultConfigurationIsVisible = 0;
			defaultConfigurationName = Release;
		};
/* End XCConfigurationList section */

/* Begin XCRemoteSwiftPackageReference section */
		963DD87E2CFC238C001846A2 /* XCRemoteSwiftPackageReference "Kingfisher" */ = {
			isa = XCRemoteSwiftPackageReference;
			repositoryURL = "https://github.com/onevcat/Kingfisher";
			requirement = {
				kind = upToNextMajorVersion;
				minimumVersion = 8.1.1;
			};
		};
		967AD9F12CEDC62B001A3397 /* XCRemoteSwiftPackageReference "Moya" */ = {
			isa = XCRemoteSwiftPackageReference;
			repositoryURL = "https://github.com/Moya/Moya/";
			requirement = {
				kind = upToNextMajorVersion;
				minimumVersion = 15.0.3;
			};
		};
		96D264252CE5C2B000114DC6 /* XCRemoteSwiftPackageReference "kakao-ios-sdk" */ = {
			isa = XCRemoteSwiftPackageReference;
			repositoryURL = "https://github.com/kakao/kakao-ios-sdk";
			requirement = {
				kind = upToNextMajorVersion;
				minimumVersion = 2.23.0;
			};
		};
		96E116832CAE454500C32EDC /* XCRemoteSwiftPackageReference "SnapKit" */ = {
			isa = XCRemoteSwiftPackageReference;
			repositoryURL = "https://github.com/SnapKit/SnapKit";
			requirement = {
				kind = upToNextMajorVersion;
				minimumVersion = 5.7.1;
			};
		};
/* End XCRemoteSwiftPackageReference section */

/* Begin XCSwiftPackageProductDependency section */
		963DD87F2CFC238C001846A2 /* Kingfisher */ = {
			isa = XCSwiftPackageProductDependency;
			package = 963DD87E2CFC238C001846A2 /* XCRemoteSwiftPackageReference "Kingfisher" */;
			productName = Kingfisher;
		};
		967AD9F22CEDC62B001A3397 /* CombineMoya */ = {
			isa = XCSwiftPackageProductDependency;
			package = 967AD9F12CEDC62B001A3397 /* XCRemoteSwiftPackageReference "Moya" */;
			productName = CombineMoya;
		};
		967AD9F42CEDC62B001A3397 /* Moya */ = {
			isa = XCSwiftPackageProductDependency;
			package = 967AD9F12CEDC62B001A3397 /* XCRemoteSwiftPackageReference "Moya" */;
			productName = Moya;
		};
		967AD9F62CEDC62B001A3397 /* ReactiveMoya */ = {
			isa = XCSwiftPackageProductDependency;
			package = 967AD9F12CEDC62B001A3397 /* XCRemoteSwiftPackageReference "Moya" */;
			productName = ReactiveMoya;
		};
		967AD9F82CEDC62B001A3397 /* RxMoya */ = {
			isa = XCSwiftPackageProductDependency;
			package = 967AD9F12CEDC62B001A3397 /* XCRemoteSwiftPackageReference "Moya" */;
			productName = RxMoya;
		};
		96D264262CE5C2B000114DC6 /* KakaoSDK */ = {
			isa = XCSwiftPackageProductDependency;
			package = 96D264252CE5C2B000114DC6 /* XCRemoteSwiftPackageReference "kakao-ios-sdk" */;
			productName = KakaoSDK;
		};
		96D264282CE5C2B000114DC6 /* KakaoSDKAuth */ = {
			isa = XCSwiftPackageProductDependency;
			package = 96D264252CE5C2B000114DC6 /* XCRemoteSwiftPackageReference "kakao-ios-sdk" */;
			productName = KakaoSDKAuth;
		};
		96D2642A2CE5C2B000114DC6 /* KakaoSDKCert */ = {
			isa = XCSwiftPackageProductDependency;
			package = 96D264252CE5C2B000114DC6 /* XCRemoteSwiftPackageReference "kakao-ios-sdk" */;
			productName = KakaoSDKCert;
		};
		96D2642C2CE5C2B000114DC6 /* KakaoSDKCertCore */ = {
			isa = XCSwiftPackageProductDependency;
			package = 96D264252CE5C2B000114DC6 /* XCRemoteSwiftPackageReference "kakao-ios-sdk" */;
			productName = KakaoSDKCertCore;
		};
		96D2642E2CE5C2B000114DC6 /* KakaoSDKCommon */ = {
			isa = XCSwiftPackageProductDependency;
			package = 96D264252CE5C2B000114DC6 /* XCRemoteSwiftPackageReference "kakao-ios-sdk" */;
			productName = KakaoSDKCommon;
		};
		96D264302CE5C2B000114DC6 /* KakaoSDKFriend */ = {
			isa = XCSwiftPackageProductDependency;
			package = 96D264252CE5C2B000114DC6 /* XCRemoteSwiftPackageReference "kakao-ios-sdk" */;
			productName = KakaoSDKFriend;
		};
		96D264322CE5C2B000114DC6 /* KakaoSDKFriendCore */ = {
			isa = XCSwiftPackageProductDependency;
			package = 96D264252CE5C2B000114DC6 /* XCRemoteSwiftPackageReference "kakao-ios-sdk" */;
			productName = KakaoSDKFriendCore;
		};
		96D264342CE5C2B000114DC6 /* KakaoSDKNavi */ = {
			isa = XCSwiftPackageProductDependency;
			package = 96D264252CE5C2B000114DC6 /* XCRemoteSwiftPackageReference "kakao-ios-sdk" */;
			productName = KakaoSDKNavi;
		};
		96D264362CE5C2B000114DC6 /* KakaoSDKShare */ = {
			isa = XCSwiftPackageProductDependency;
			package = 96D264252CE5C2B000114DC6 /* XCRemoteSwiftPackageReference "kakao-ios-sdk" */;
			productName = KakaoSDKShare;
		};
		96D264382CE5C2B000114DC6 /* KakaoSDKTalk */ = {
			isa = XCSwiftPackageProductDependency;
			package = 96D264252CE5C2B000114DC6 /* XCRemoteSwiftPackageReference "kakao-ios-sdk" */;
			productName = KakaoSDKTalk;
		};
		96D2643A2CE5C2B000114DC6 /* KakaoSDKTemplate */ = {
			isa = XCSwiftPackageProductDependency;
			package = 96D264252CE5C2B000114DC6 /* XCRemoteSwiftPackageReference "kakao-ios-sdk" */;
			productName = KakaoSDKTemplate;
		};
		96D2643C2CE5C2B000114DC6 /* KakaoSDKUser */ = {
			isa = XCSwiftPackageProductDependency;
			package = 96D264252CE5C2B000114DC6 /* XCRemoteSwiftPackageReference "kakao-ios-sdk" */;
			productName = KakaoSDKUser;
		};
		96E116842CAE454500C32EDC /* SnapKit */ = {
			isa = XCSwiftPackageProductDependency;
			package = 96E116832CAE454500C32EDC /* XCRemoteSwiftPackageReference "SnapKit" */;
			productName = SnapKit;
		};
/* End XCSwiftPackageProductDependency section */
	};
	rootObject = 963052B42CA2A13E00D37A01 /* Project object */;
}
