// !$*UTF8*$!
{
	archiveVersion = 1;
	classes = {
	};
	objectVersion = 77;
	objects = {

/* Begin PBXBuildFile section */
		1F8EC6732CEA1B9900245336 /* SnapKit in Frameworks */ = {isa = PBXBuildFile; productRef = 1F8EC6722CEA1B9900245336 /* SnapKit */; };
		1F8EC6762CEA200100245336 /* Alamofire in Frameworks */ = {isa = PBXBuildFile; productRef = 1F8EC6752CEA200100245336 /* Alamofire */; };
		1F8EC6782CEA20F900245336 /* secret.xcconfig in Resources */ = {isa = PBXBuildFile; fileRef = 1F8EC6772CEA20F900245336 /* secret.xcconfig */; };
/* End PBXBuildFile section */

/* Begin PBXContainerItemProxy section */
		1F8EC5F82CEA1A4100245336 /* PBXContainerItemProxy */ = {
			isa = PBXContainerItemProxy;
			containerPortal = 1F8EC5D92CEA1A3F00245336 /* Project object */;
			proxyType = 1;
			remoteGlobalIDString = 1F8EC5E02CEA1A3F00245336;
			remoteInfo = APIPractice;
		};
		1F8EC6022CEA1A4100245336 /* PBXContainerItemProxy */ = {
			isa = PBXContainerItemProxy;
			containerPortal = 1F8EC5D92CEA1A3F00245336 /* Project object */;
			proxyType = 1;
			remoteGlobalIDString = 1F8EC5E02CEA1A3F00245336;
			remoteInfo = APIPractice;
		};
/* End PBXContainerItemProxy section */

/* Begin PBXFileReference section */
		1F8EC5E12CEA1A3F00245336 /* APIPractice.app */ = {isa = PBXFileReference; explicitFileType = wrapper.application; includeInIndex = 0; path = APIPractice.app; sourceTree = BUILT_PRODUCTS_DIR; };
		1F8EC5F72CEA1A4100245336 /* APIPracticeTests.xctest */ = {isa = PBXFileReference; explicitFileType = wrapper.cfbundle; includeInIndex = 0; path = APIPracticeTests.xctest; sourceTree = BUILT_PRODUCTS_DIR; };
		1F8EC6012CEA1A4100245336 /* APIPracticeUITests.xctest */ = {isa = PBXFileReference; explicitFileType = wrapper.cfbundle; includeInIndex = 0; path = APIPracticeUITests.xctest; sourceTree = BUILT_PRODUCTS_DIR; };
		1F8EC6772CEA20F900245336 /* secret.xcconfig */ = {isa = PBXFileReference; lastKnownFileType = text.xcconfig; path = secret.xcconfig; sourceTree = "<group>"; };
/* End PBXFileReference section */

/* Begin PBXFileSystemSynchronizedBuildFileExceptionSet section */
		1F8EC6092CEA1A4100245336 /* Exceptions for "APIPractice" folder in "APIPractice" target */ = {
			isa = PBXFileSystemSynchronizedBuildFileExceptionSet;
			membershipExceptions = (
				Info.plist,
			);
			target = 1F8EC5E02CEA1A3F00245336 /* APIPractice */;
		};
/* End PBXFileSystemSynchronizedBuildFileExceptionSet section */

/* Begin PBXFileSystemSynchronizedRootGroup section */
		1F8EC5E32CEA1A3F00245336 /* APIPractice */ = {
			isa = PBXFileSystemSynchronizedRootGroup;
			exceptions = (
				1F8EC6092CEA1A4100245336 /* Exceptions for "APIPractice" folder in "APIPractice" target */,
			);
			path = APIPractice;
			sourceTree = "<group>";
		};
		1F8EC5FA2CEA1A4100245336 /* APIPracticeTests */ = {
			isa = PBXFileSystemSynchronizedRootGroup;
			path = APIPracticeTests;
			sourceTree = "<group>";
		};
		1F8EC6042CEA1A4100245336 /* APIPracticeUITests */ = {
			isa = PBXFileSystemSynchronizedRootGroup;
			path = APIPracticeUITests;
			sourceTree = "<group>";
		};
/* End PBXFileSystemSynchronizedRootGroup section */

/* Begin PBXFrameworksBuildPhase section */
		1F8EC5DE2CEA1A3F00245336 /* Frameworks */ = {
			isa = PBXFrameworksBuildPhase;
			buildActionMask = 2147483647;
			files = (
				1F8EC6732CEA1B9900245336 /* SnapKit in Frameworks */,
				1F8EC6762CEA200100245336 /* Alamofire in Frameworks */,
			);
			runOnlyForDeploymentPostprocessing = 0;
		};
		1F8EC5F42CEA1A4100245336 /* Frameworks */ = {
			isa = PBXFrameworksBuildPhase;
			buildActionMask = 2147483647;
			files = (
			);
			runOnlyForDeploymentPostprocessing = 0;
		};
		1F8EC5FE2CEA1A4100245336 /* Frameworks */ = {
			isa = PBXFrameworksBuildPhase;
			buildActionMask = 2147483647;
			files = (
			);
			runOnlyForDeploymentPostprocessing = 0;
		};
/* End PBXFrameworksBuildPhase section */

/* Begin PBXGroup section */
		1F8EC5D82CEA1A3F00245336 = {
			isa = PBXGroup;
			children = (
				1F8EC6772CEA20F900245336 /* secret.xcconfig */,
				1F8EC5E32CEA1A3F00245336 /* APIPractice */,
				1F8EC5FA2CEA1A4100245336 /* APIPracticeTests */,
				1F8EC6042CEA1A4100245336 /* APIPracticeUITests */,
				1F8EC5E22CEA1A3F00245336 /* Products */,
			);
			sourceTree = "<group>";
		};
		1F8EC5E22CEA1A3F00245336 /* Products */ = {
			isa = PBXGroup;
			children = (
				1F8EC5E12CEA1A3F00245336 /* APIPractice.app */,
				1F8EC5F72CEA1A4100245336 /* APIPracticeTests.xctest */,
				1F8EC6012CEA1A4100245336 /* APIPracticeUITests.xctest */,
			);
			name = Products;
			sourceTree = "<group>";
		};
/* End PBXGroup section */

/* Begin PBXNativeTarget section */
		1F8EC5E02CEA1A3F00245336 /* APIPractice */ = {
			isa = PBXNativeTarget;
			buildConfigurationList = 1F8EC60A2CEA1A4100245336 /* Build configuration list for PBXNativeTarget "APIPractice" */;
			buildPhases = (
				1F8EC5DD2CEA1A3F00245336 /* Sources */,
				1F8EC5DE2CEA1A3F00245336 /* Frameworks */,
				1F8EC5DF2CEA1A3F00245336 /* Resources */,
			);
			buildRules = (
			);
			dependencies = (
			);
			fileSystemSynchronizedGroups = (
				1F8EC5E32CEA1A3F00245336 /* APIPractice */,
			);
			name = APIPractice;
			packageProductDependencies = (
				1F8EC6722CEA1B9900245336 /* SnapKit */,
				1F8EC6752CEA200100245336 /* Alamofire */,
			);
			productName = APIPractice;
			productReference = 1F8EC5E12CEA1A3F00245336 /* APIPractice.app */;
			productType = "com.apple.product-type.application";
		};
		1F8EC5F62CEA1A4100245336 /* APIPracticeTests */ = {
			isa = PBXNativeTarget;
			buildConfigurationList = 1F8EC60F2CEA1A4100245336 /* Build configuration list for PBXNativeTarget "APIPracticeTests" */;
			buildPhases = (
				1F8EC5F32CEA1A4100245336 /* Sources */,
				1F8EC5F42CEA1A4100245336 /* Frameworks */,
				1F8EC5F52CEA1A4100245336 /* Resources */,
			);
			buildRules = (
			);
			dependencies = (
				1F8EC5F92CEA1A4100245336 /* PBXTargetDependency */,
			);
			fileSystemSynchronizedGroups = (
				1F8EC5FA2CEA1A4100245336 /* APIPracticeTests */,
			);
			name = APIPracticeTests;
			packageProductDependencies = (
			);
			productName = APIPracticeTests;
			productReference = 1F8EC5F72CEA1A4100245336 /* APIPracticeTests.xctest */;
			productType = "com.apple.product-type.bundle.unit-test";
		};
		1F8EC6002CEA1A4100245336 /* APIPracticeUITests */ = {
			isa = PBXNativeTarget;
			buildConfigurationList = 1F8EC6122CEA1A4100245336 /* Build configuration list for PBXNativeTarget "APIPracticeUITests" */;
			buildPhases = (
				1F8EC5FD2CEA1A4100245336 /* Sources */,
				1F8EC5FE2CEA1A4100245336 /* Frameworks */,
				1F8EC5FF2CEA1A4100245336 /* Resources */,
			);
			buildRules = (
			);
			dependencies = (
				1F8EC6032CEA1A4100245336 /* PBXTargetDependency */,
			);
			fileSystemSynchronizedGroups = (
				1F8EC6042CEA1A4100245336 /* APIPracticeUITests */,
			);
			name = APIPracticeUITests;
			packageProductDependencies = (
			);
			productName = APIPracticeUITests;
			productReference = 1F8EC6012CEA1A4100245336 /* APIPracticeUITests.xctest */;
			productType = "com.apple.product-type.bundle.ui-testing";
		};
/* End PBXNativeTarget section */

/* Begin PBXProject section */
		1F8EC5D92CEA1A3F00245336 /* Project object */ = {
			isa = PBXProject;
			attributes = {
				BuildIndependentTargetsInParallel = 1;
				LastSwiftUpdateCheck = 1610;
				LastUpgradeCheck = 1610;
				TargetAttributes = {
					1F8EC5E02CEA1A3F00245336 = {
						CreatedOnToolsVersion = 16.1;
					};
					1F8EC5F62CEA1A4100245336 = {
						CreatedOnToolsVersion = 16.1;
						TestTargetID = 1F8EC5E02CEA1A3F00245336;
					};
					1F8EC6002CEA1A4100245336 = {
						CreatedOnToolsVersion = 16.1;
						TestTargetID = 1F8EC5E02CEA1A3F00245336;
					};
				};
			};
			buildConfigurationList = 1F8EC5DC2CEA1A3F00245336 /* Build configuration list for PBXProject "APIPractice" */;
			developmentRegion = en;
			hasScannedForEncodings = 0;
			knownRegions = (
				en,
				Base,
			);
			mainGroup = 1F8EC5D82CEA1A3F00245336;
			minimizedProjectReferenceProxies = 1;
			packageReferences = (
				1F8EC6712CEA1B9900245336 /* XCRemoteSwiftPackageReference "SnapKit" */,
				1F8EC6742CEA200100245336 /* XCRemoteSwiftPackageReference "Alamofire" */,
			);
			preferredProjectObjectVersion = 77;
			productRefGroup = 1F8EC5E22CEA1A3F00245336 /* Products */;
			projectDirPath = "";
			projectRoot = "";
			targets = (
				1F8EC5E02CEA1A3F00245336 /* APIPractice */,
				1F8EC5F62CEA1A4100245336 /* APIPracticeTests */,
				1F8EC6002CEA1A4100245336 /* APIPracticeUITests */,
			);
		};
/* End PBXProject section */

/* Begin PBXResourcesBuildPhase section */
		1F8EC5DF2CEA1A3F00245336 /* Resources */ = {
			isa = PBXResourcesBuildPhase;
			buildActionMask = 2147483647;
			files = (
				1F8EC6782CEA20F900245336 /* secret.xcconfig in Resources */,
			);
			runOnlyForDeploymentPostprocessing = 0;
		};
		1F8EC5F52CEA1A4100245336 /* Resources */ = {
			isa = PBXResourcesBuildPhase;
			buildActionMask = 2147483647;
			files = (
			);
			runOnlyForDeploymentPostprocessing = 0;
		};
		1F8EC5FF2CEA1A4100245336 /* Resources */ = {
			isa = PBXResourcesBuildPhase;
			buildActionMask = 2147483647;
			files = (
			);
			runOnlyForDeploymentPostprocessing = 0;
		};
/* End PBXResourcesBuildPhase section */

/* Begin PBXSourcesBuildPhase section */
		1F8EC5DD2CEA1A3F00245336 /* Sources */ = {
			isa = PBXSourcesBuildPhase;
			buildActionMask = 2147483647;
			files = (
			);
			runOnlyForDeploymentPostprocessing = 0;
		};
		1F8EC5F32CEA1A4100245336 /* Sources */ = {
			isa = PBXSourcesBuildPhase;
			buildActionMask = 2147483647;
			files = (
			);
			runOnlyForDeploymentPostprocessing = 0;
		};
		1F8EC5FD2CEA1A4100245336 /* Sources */ = {
			isa = PBXSourcesBuildPhase;
			buildActionMask = 2147483647;
			files = (
			);
			runOnlyForDeploymentPostprocessing = 0;
		};
/* End PBXSourcesBuildPhase section */

/* Begin PBXTargetDependency section */
		1F8EC5F92CEA1A4100245336 /* PBXTargetDependency */ = {
			isa = PBXTargetDependency;
			target = 1F8EC5E02CEA1A3F00245336 /* APIPractice */;
			targetProxy = 1F8EC5F82CEA1A4100245336 /* PBXContainerItemProxy */;
		};
		1F8EC6032CEA1A4100245336 /* PBXTargetDependency */ = {
			isa = PBXTargetDependency;
			target = 1F8EC5E02CEA1A3F00245336 /* APIPractice */;
			targetProxy = 1F8EC6022CEA1A4100245336 /* PBXContainerItemProxy */;
		};
/* End PBXTargetDependency section */

/* Begin XCBuildConfiguration section */
		1F8EC60B2CEA1A4100245336 /* Debug */ = {
			isa = XCBuildConfiguration;
			baseConfigurationReference = 1F8EC6772CEA20F900245336 /* secret.xcconfig */;
			buildSettings = {
				ASSETCATALOG_COMPILER_APPICON_NAME = AppIcon;
				ASSETCATALOG_COMPILER_GLOBAL_ACCENT_COLOR_NAME = AccentColor;
				CODE_SIGN_STYLE = Automatic;
				CURRENT_PROJECT_VERSION = 1;
				DEVELOPMENT_TEAM = UKY6HK6U6Y;
				GENERATE_INFOPLIST_FILE = YES;
				INFOPLIST_FILE = APIPractice/Info.plist;
				INFOPLIST_KEY_UIApplicationSupportsIndirectInputEvents = YES;
				INFOPLIST_KEY_UILaunchStoryboardName = LaunchScreen;
				INFOPLIST_KEY_UIMainStoryboardFile = "";
				INFOPLIST_KEY_UISupportedInterfaceOrientations_iPad = "UIInterfaceOrientationPortrait UIInterfaceOrientationPortraitUpsideDown UIInterfaceOrientationLandscapeLeft UIInterfaceOrientationLandscapeRight";
				INFOPLIST_KEY_UISupportedInterfaceOrientations_iPhone = "UIInterfaceOrientationPortrait UIInterfaceOrientationLandscapeLeft UIInterfaceOrientationLandscapeRight";
				LD_RUNPATH_SEARCH_PATHS = (
					"$(inherited)",
					"@executable_path/Frameworks",
				);
				MARKETING_VERSION = 1.0;
				PRODUCT_BUNDLE_IDENTIFIER = com.hyeonju.APIPractice;
				PRODUCT_NAME = "$(TARGET_NAME)";
				SWIFT_EMIT_LOC_STRINGS = YES;
				SWIFT_VERSION = 5.0;
				TARGETED_DEVICE_FAMILY = "1,2";
			};
			name = Debug;
		};
		1F8EC60C2CEA1A4100245336 /* Release */ = {
			isa = XCBuildConfiguration;
			buildSettings = {
				ASSETCATALOG_COMPILER_APPICON_NAME = AppIcon;
				ASSETCATALOG_COMPILER_GLOBAL_ACCENT_COLOR_NAME = AccentColor;
				CODE_SIGN_STYLE = Automatic;
				CURRENT_PROJECT_VERSION = 1;
				DEVELOPMENT_TEAM = UKY6HK6U6Y;
				GENERATE_INFOPLIST_FILE = YES;
				INFOPLIST_FILE = APIPractice/Info.plist;
				INFOPLIST_KEY_UIApplicationSupportsIndirectInputEvents = YES;
				INFOPLIST_KEY_UILaunchStoryboardName = LaunchScreen;
				INFOPLIST_KEY_UIMainStoryboardFile = "";
				INFOPLIST_KEY_UISupportedInterfaceOrientations_iPad = "UIInterfaceOrientationPortrait UIInterfaceOrientationPortraitUpsideDown UIInterfaceOrientationLandscapeLeft UIInterfaceOrientationLandscapeRight";
				INFOPLIST_KEY_UISupportedInterfaceOrientations_iPhone = "UIInterfaceOrientationPortrait UIInterfaceOrientationLandscapeLeft UIInterfaceOrientationLandscapeRight";
				LD_RUNPATH_SEARCH_PATHS = (
					"$(inherited)",
					"@executable_path/Frameworks",
				);
				MARKETING_VERSION = 1.0;
				PRODUCT_BUNDLE_IDENTIFIER = com.hyeonju.APIPractice;
				PRODUCT_NAME = "$(TARGET_NAME)";
				SWIFT_EMIT_LOC_STRINGS = YES;
				SWIFT_VERSION = 5.0;
				TARGETED_DEVICE_FAMILY = "1,2";
			};
			name = Release;
		};
		1F8EC60D2CEA1A4100245336 /* Debug */ = {
			isa = XCBuildConfiguration;
			buildSettings = {
				ALWAYS_SEARCH_USER_PATHS = NO;
				ASSETCATALOG_COMPILER_GENERATE_SWIFT_ASSET_SYMBOL_EXTENSIONS = YES;
				CLANG_ANALYZER_NONNULL = YES;
				CLANG_ANALYZER_NUMBER_OBJECT_CONVERSION = YES_AGGRESSIVE;
				CLANG_CXX_LANGUAGE_STANDARD = "gnu++20";
				CLANG_ENABLE_MODULES = YES;
				CLANG_ENABLE_OBJC_ARC = YES;
				CLANG_ENABLE_OBJC_WEAK = YES;
				CLANG_WARN_BLOCK_CAPTURE_AUTORELEASING = YES;
				CLANG_WARN_BOOL_CONVERSION = YES;
				CLANG_WARN_COMMA = YES;
				CLANG_WARN_CONSTANT_CONVERSION = YES;
				CLANG_WARN_DEPRECATED_OBJC_IMPLEMENTATIONS = YES;
				CLANG_WARN_DIRECT_OBJC_ISA_USAGE = YES_ERROR;
				CLANG_WARN_DOCUMENTATION_COMMENTS = YES;
				CLANG_WARN_EMPTY_BODY = YES;
				CLANG_WARN_ENUM_CONVERSION = YES;
				CLANG_WARN_INFINITE_RECURSION = YES;
				CLANG_WARN_INT_CONVERSION = YES;
				CLANG_WARN_NON_LITERAL_NULL_CONVERSION = YES;
				CLANG_WARN_OBJC_IMPLICIT_RETAIN_SELF = YES;
				CLANG_WARN_OBJC_LITERAL_CONVERSION = YES;
				CLANG_WARN_OBJC_ROOT_CLASS = YES_ERROR;
				CLANG_WARN_QUOTED_INCLUDE_IN_FRAMEWORK_HEADER = YES;
				CLANG_WARN_RANGE_LOOP_ANALYSIS = YES;
				CLANG_WARN_STRICT_PROTOTYPES = YES;
				CLANG_WARN_SUSPICIOUS_MOVE = YES;
				CLANG_WARN_UNGUARDED_AVAILABILITY = YES_AGGRESSIVE;
				CLANG_WARN_UNREACHABLE_CODE = YES;
				CLANG_WARN__DUPLICATE_METHOD_MATCH = YES;
				COPY_PHASE_STRIP = NO;
				DEBUG_INFORMATION_FORMAT = dwarf;
				ENABLE_STRICT_OBJC_MSGSEND = YES;
				ENABLE_TESTABILITY = YES;
				ENABLE_USER_SCRIPT_SANDBOXING = YES;
				GCC_C_LANGUAGE_STANDARD = gnu17;
				GCC_DYNAMIC_NO_PIC = NO;
				GCC_NO_COMMON_BLOCKS = YES;
				GCC_OPTIMIZATION_LEVEL = 0;
				GCC_PREPROCESSOR_DEFINITIONS = (
					"DEBUG=1",
					"$(inherited)",
				);
				GCC_WARN_64_TO_32_BIT_CONVERSION = YES;
				GCC_WARN_ABOUT_RETURN_TYPE = YES_ERROR;
				GCC_WARN_UNDECLARED_SELECTOR = YES;
				GCC_WARN_UNINITIALIZED_AUTOS = YES_AGGRESSIVE;
				GCC_WARN_UNUSED_FUNCTION = YES;
				GCC_WARN_UNUSED_VARIABLE = YES;
				IPHONEOS_DEPLOYMENT_TARGET = 18.1;
				LOCALIZATION_PREFERS_STRING_CATALOGS = YES;
				MTL_ENABLE_DEBUG_INFO = INCLUDE_SOURCE;
				MTL_FAST_MATH = YES;
				ONLY_ACTIVE_ARCH = YES;
				SDKROOT = iphoneos;
				SWIFT_ACTIVE_COMPILATION_CONDITIONS = "DEBUG $(inherited)";
				SWIFT_OPTIMIZATION_LEVEL = "-Onone";
			};
			name = Debug;
		};
		1F8EC60E2CEA1A4100245336 /* Release */ = {
			isa = XCBuildConfiguration;
			buildSettings = {
				ALWAYS_SEARCH_USER_PATHS = NO;
				ASSETCATALOG_COMPILER_GENERATE_SWIFT_ASSET_SYMBOL_EXTENSIONS = YES;
				CLANG_ANALYZER_NONNULL = YES;
				CLANG_ANALYZER_NUMBER_OBJECT_CONVERSION = YES_AGGRESSIVE;
				CLANG_CXX_LANGUAGE_STANDARD = "gnu++20";
				CLANG_ENABLE_MODULES = YES;
				CLANG_ENABLE_OBJC_ARC = YES;
				CLANG_ENABLE_OBJC_WEAK = YES;
				CLANG_WARN_BLOCK_CAPTURE_AUTORELEASING = YES;
				CLANG_WARN_BOOL_CONVERSION = YES;
				CLANG_WARN_COMMA = YES;
				CLANG_WARN_CONSTANT_CONVERSION = YES;
				CLANG_WARN_DEPRECATED_OBJC_IMPLEMENTATIONS = YES;
				CLANG_WARN_DIRECT_OBJC_ISA_USAGE = YES_ERROR;
				CLANG_WARN_DOCUMENTATION_COMMENTS = YES;
				CLANG_WARN_EMPTY_BODY = YES;
				CLANG_WARN_ENUM_CONVERSION = YES;
				CLANG_WARN_INFINITE_RECURSION = YES;
				CLANG_WARN_INT_CONVERSION = YES;
				CLANG_WARN_NON_LITERAL_NULL_CONVERSION = YES;
				CLANG_WARN_OBJC_IMPLICIT_RETAIN_SELF = YES;
				CLANG_WARN_OBJC_LITERAL_CONVERSION = YES;
				CLANG_WARN_OBJC_ROOT_CLASS = YES_ERROR;
				CLANG_WARN_QUOTED_INCLUDE_IN_FRAMEWORK_HEADER = YES;
				CLANG_WARN_RANGE_LOOP_ANALYSIS = YES;
				CLANG_WARN_STRICT_PROTOTYPES = YES;
				CLANG_WARN_SUSPICIOUS_MOVE = YES;
				CLANG_WARN_UNGUARDED_AVAILABILITY = YES_AGGRESSIVE;
				CLANG_WARN_UNREACHABLE_CODE = YES;
				CLANG_WARN__DUPLICATE_METHOD_MATCH = YES;
				COPY_PHASE_STRIP = NO;
				DEBUG_INFORMATION_FORMAT = "dwarf-with-dsym";
				ENABLE_NS_ASSERTIONS = NO;
				ENABLE_STRICT_OBJC_MSGSEND = YES;
				ENABLE_USER_SCRIPT_SANDBOXING = YES;
				GCC_C_LANGUAGE_STANDARD = gnu17;
				GCC_NO_COMMON_BLOCKS = YES;
				GCC_WARN_64_TO_32_BIT_CONVERSION = YES;
				GCC_WARN_ABOUT_RETURN_TYPE = YES_ERROR;
				GCC_WARN_UNDECLARED_SELECTOR = YES;
				GCC_WARN_UNINITIALIZED_AUTOS = YES_AGGRESSIVE;
				GCC_WARN_UNUSED_FUNCTION = YES;
				GCC_WARN_UNUSED_VARIABLE = YES;
				IPHONEOS_DEPLOYMENT_TARGET = 18.1;
				LOCALIZATION_PREFERS_STRING_CATALOGS = YES;
				MTL_ENABLE_DEBUG_INFO = NO;
				MTL_FAST_MATH = YES;
				SDKROOT = iphoneos;
				SWIFT_COMPILATION_MODE = wholemodule;
				VALIDATE_PRODUCT = YES;
			};
			name = Release;
		};
		1F8EC6102CEA1A4100245336 /* Debug */ = {
			isa = XCBuildConfiguration;
			baseConfigurationReference = 1F8EC6772CEA20F900245336 /* secret.xcconfig */;
			buildSettings = {
				BUNDLE_LOADER = "$(TEST_HOST)";
				CODE_SIGN_STYLE = Automatic;
				CURRENT_PROJECT_VERSION = 1;
				DEVELOPMENT_TEAM = UKY6HK6U6Y;
				GENERATE_INFOPLIST_FILE = YES;
				IPHONEOS_DEPLOYMENT_TARGET = 18.1;
				MARKETING_VERSION = 1.0;
				PRODUCT_BUNDLE_IDENTIFIER = com.hyeonju.APIPracticeTests;
				PRODUCT_NAME = "$(TARGET_NAME)";
				SWIFT_EMIT_LOC_STRINGS = NO;
				SWIFT_VERSION = 5.0;
				TARGETED_DEVICE_FAMILY = "1,2";
				TEST_HOST = "$(BUILT_PRODUCTS_DIR)/APIPractice.app/$(BUNDLE_EXECUTABLE_FOLDER_PATH)/APIPractice";
			};
			name = Debug;
		};
		1F8EC6112CEA1A4100245336 /* Release */ = {
			isa = XCBuildConfiguration;
			buildSettings = {
				BUNDLE_LOADER = "$(TEST_HOST)";
				CODE_SIGN_STYLE = Automatic;
				CURRENT_PROJECT_VERSION = 1;
				DEVELOPMENT_TEAM = UKY6HK6U6Y;
				GENERATE_INFOPLIST_FILE = YES;
				IPHONEOS_DEPLOYMENT_TARGET = 18.1;
				MARKETING_VERSION = 1.0;
				PRODUCT_BUNDLE_IDENTIFIER = com.hyeonju.APIPracticeTests;
				PRODUCT_NAME = "$(TARGET_NAME)";
				SWIFT_EMIT_LOC_STRINGS = NO;
				SWIFT_VERSION = 5.0;
				TARGETED_DEVICE_FAMILY = "1,2";
				TEST_HOST = "$(BUILT_PRODUCTS_DIR)/APIPractice.app/$(BUNDLE_EXECUTABLE_FOLDER_PATH)/APIPractice";
			};
			name = Release;
		};
		1F8EC6132CEA1A4100245336 /* Debug */ = {
			isa = XCBuildConfiguration;
			buildSettings = {
				CODE_SIGN_STYLE = Automatic;
				CURRENT_PROJECT_VERSION = 1;
				DEVELOPMENT_TEAM = UKY6HK6U6Y;
				GENERATE_INFOPLIST_FILE = YES;
				MARKETING_VERSION = 1.0;
				PRODUCT_BUNDLE_IDENTIFIER = com.hyeonju.APIPracticeUITests;
				PRODUCT_NAME = "$(TARGET_NAME)";
				SWIFT_EMIT_LOC_STRINGS = NO;
				SWIFT_VERSION = 5.0;
				TARGETED_DEVICE_FAMILY = "1,2";
				TEST_TARGET_NAME = APIPractice;
			};
			name = Debug;
		};
		1F8EC6142CEA1A4100245336 /* Release */ = {
			isa = XCBuildConfiguration;
			buildSettings = {
				CODE_SIGN_STYLE = Automatic;
				CURRENT_PROJECT_VERSION = 1;
				DEVELOPMENT_TEAM = UKY6HK6U6Y;
				GENERATE_INFOPLIST_FILE = YES;
				MARKETING_VERSION = 1.0;
				PRODUCT_BUNDLE_IDENTIFIER = com.hyeonju.APIPracticeUITests;
				PRODUCT_NAME = "$(TARGET_NAME)";
				SWIFT_EMIT_LOC_STRINGS = NO;
				SWIFT_VERSION = 5.0;
				TARGETED_DEVICE_FAMILY = "1,2";
				TEST_TARGET_NAME = APIPractice;
			};
			name = Release;
		};
/* End XCBuildConfiguration section */

/* Begin XCConfigurationList section */
		1F8EC5DC2CEA1A3F00245336 /* Build configuration list for PBXProject "APIPractice" */ = {
			isa = XCConfigurationList;
			buildConfigurations = (
				1F8EC60D2CEA1A4100245336 /* Debug */,
				1F8EC60E2CEA1A4100245336 /* Release */,
			);
			defaultConfigurationIsVisible = 0;
			defaultConfigurationName = Release;
		};
		1F8EC60A2CEA1A4100245336 /* Build configuration list for PBXNativeTarget "APIPractice" */ = {
			isa = XCConfigurationList;
			buildConfigurations = (
				1F8EC60B2CEA1A4100245336 /* Debug */,
				1F8EC60C2CEA1A4100245336 /* Release */,
			);
			defaultConfigurationIsVisible = 0;
			defaultConfigurationName = Release;
		};
		1F8EC60F2CEA1A4100245336 /* Build configuration list for PBXNativeTarget "APIPracticeTests" */ = {
			isa = XCConfigurationList;
			buildConfigurations = (
				1F8EC6102CEA1A4100245336 /* Debug */,
				1F8EC6112CEA1A4100245336 /* Release */,
			);
			defaultConfigurationIsVisible = 0;
			defaultConfigurationName = Release;
		};
		1F8EC6122CEA1A4100245336 /* Build configuration list for PBXNativeTarget "APIPracticeUITests" */ = {
			isa = XCConfigurationList;
			buildConfigurations = (
				1F8EC6132CEA1A4100245336 /* Debug */,
				1F8EC6142CEA1A4100245336 /* Release */,
			);
			defaultConfigurationIsVisible = 0;
			defaultConfigurationName = Release;
		};
/* End XCConfigurationList section */

/* Begin XCRemoteSwiftPackageReference section */
		1F8EC6712CEA1B9900245336 /* XCRemoteSwiftPackageReference "SnapKit" */ = {
			isa = XCRemoteSwiftPackageReference;
			repositoryURL = "https://github.com/SnapKit/SnapKit.git";
			requirement = {
				kind = upToNextMajorVersion;
				minimumVersion = 5.7.1;
			};
		};
		1F8EC6742CEA200100245336 /* XCRemoteSwiftPackageReference "Alamofire" */ = {
			isa = XCRemoteSwiftPackageReference;
			repositoryURL = "https://github.com/Alamofire/Alamofire";
			requirement = {
				kind = upToNextMajorVersion;
				minimumVersion = 5.10.1;
			};
		};
/* End XCRemoteSwiftPackageReference section */

/* Begin XCSwiftPackageProductDependency section */
		1F8EC6722CEA1B9900245336 /* SnapKit */ = {
			isa = XCSwiftPackageProductDependency;
			package = 1F8EC6712CEA1B9900245336 /* XCRemoteSwiftPackageReference "SnapKit" */;
			productName = SnapKit;
		};
		1F8EC6752CEA200100245336 /* Alamofire */ = {
			isa = XCSwiftPackageProductDependency;
			package = 1F8EC6742CEA200100245336 /* XCRemoteSwiftPackageReference "Alamofire" */;
			productName = Alamofire;
		};
/* End XCSwiftPackageProductDependency section */
	};
	rootObject = 1F8EC5D92CEA1A3F00245336 /* Project object */;
}
